// !$*UTF8*$!
{
	archiveVersion = 1;
	classes = {
	};
	objectVersion = 46;
	objects = {

/* Begin PBXAggregateTarget section */
		835C6D2E1D2D670E00C877A0 /* Build-iOS */ = {
			isa = PBXAggregateTarget;
			buildConfigurationList = 835C6D2F1D2D670E00C877A0 /* Build configuration list for PBXAggregateTarget "Build-iOS" */;
			buildPhases = (
				835C6D3E1D2D681000C877A0 /* ShellScript */,
			);
			dependencies = (
			);
			name = "Build-iOS";
			productName = "Build-iOS";
		};
		835C6D321D2D676700C877A0 /* Build-tvOS */ = {
			isa = PBXAggregateTarget;
			buildConfigurationList = 835C6D331D2D676700C877A0 /* Build configuration list for PBXAggregateTarget "Build-tvOS" */;
			buildPhases = (
				835C6D3F1D2D687100C877A0 /* ShellScript */,
			);
			dependencies = (
			);
			name = "Build-tvOS";
			productName = "Build-tvOS";
		};
		835C6D3A1D2D67A500C877A0 /* Build-watchOS */ = {
			isa = PBXAggregateTarget;
			buildConfigurationList = 835C6D3B1D2D67A500C877A0 /* Build configuration list for PBXAggregateTarget "Build-watchOS" */;
			buildPhases = (
				835C6D401D2E47DA00C877A0 /* ShellScript */,
			);
			dependencies = (
			);
			name = "Build-watchOS";
			productName = "Build-watchOS";
		};
/* End PBXAggregateTarget section */

/* Begin PBXBuildFile section */
		41416C3E1E4C968C00D9734B /* FoundationKit.framework in Frameworks */ = {isa = PBXBuildFile; fileRef = 41416C3B1E4C968C00D9734B /* FoundationKit.framework */; };
		41416C3F1E4C969200D9734B /* FoundationKit.framework in Frameworks */ = {isa = PBXBuildFile; fileRef = 41416C351E4C968C00D9734B /* FoundationKit.framework */; };
		41416C401E4C969800D9734B /* FoundationKit.framework in Frameworks */ = {isa = PBXBuildFile; fileRef = 41416C381E4C968C00D9734B /* FoundationKit.framework */; };
		83060FAE1D86BAED00079435 /* XMLParser.swift in Sources */ = {isa = PBXBuildFile; fileRef = 835C6CE61D2D576100C877A0 /* XMLParser.swift */; };
		833F6E571D6B00B500F3863C /* RequestAttributes.swift in Sources */ = {isa = PBXBuildFile; fileRef = 833F6E531D6B00B500F3863C /* RequestAttributes.swift */; };
		833F6E581D6B00B500F3863C /* RequestMethod.swift in Sources */ = {isa = PBXBuildFile; fileRef = 833F6E541D6B00B500F3863C /* RequestMethod.swift */; };
		833F6E591D6B00B500F3863C /* RequestProtocol.swift in Sources */ = {isa = PBXBuildFile; fileRef = 833F6E551D6B00B500F3863C /* RequestProtocol.swift */; };
		833F6E611D6B05A400F3863C /* RemoteImpl.swift in Sources */ = {isa = PBXBuildFile; fileRef = 833F6E5F1D6B05A400F3863C /* RemoteImpl.swift */; };
		833F6E631D6B05FF00F3863C /* Remote.swift in Sources */ = {isa = PBXBuildFile; fileRef = 833F6E621D6B05FF00F3863C /* Remote.swift */; };
		833F6E801D6B274600F3863C /* RequestConfiguration.swift in Sources */ = {isa = PBXBuildFile; fileRef = 833F6E7E1D6B274600F3863C /* RequestConfiguration.swift */; };
		833F6E811D6B274600F3863C /* RequestConfigurationHelper.swift in Sources */ = {isa = PBXBuildFile; fileRef = 833F6E7F1D6B274600F3863C /* RequestConfigurationHelper.swift */; };
		833F6E881D6B277B00F3863C /* ErrorDomain.swift in Sources */ = {isa = PBXBuildFile; fileRef = 833F6E831D6B277B00F3863C /* ErrorDomain.swift */; };
		833F6E891D6B277B00F3863C /* NetworkErrorTranslator.swift in Sources */ = {isa = PBXBuildFile; fileRef = 833F6E841D6B277B00F3863C /* NetworkErrorTranslator.swift */; };
		833F6E8A1D6B277B00F3863C /* Response.swift in Sources */ = {isa = PBXBuildFile; fileRef = 833F6E861D6B277B00F3863C /* Response.swift */; };
		833F6E8B1D6B277B00F3863C /* ResponseQueue.swift in Sources */ = {isa = PBXBuildFile; fileRef = 833F6E871D6B277B00F3863C /* ResponseQueue.swift */; };
		833F6E8D1D6B2D0900F3863C /* ContentType.swift in Sources */ = {isa = PBXBuildFile; fileRef = 833F6E8C1D6B2D0900F3863C /* ContentType.swift */; };
		833F6E8F1D6B2D2100F3863C /* RequestHeaders.swift in Sources */ = {isa = PBXBuildFile; fileRef = 833F6E8E1D6B2D2100F3863C /* RequestHeaders.swift */; };
		833F6ECA1D6B636900F3863C /* UploadRequestConfiguration.swift in Sources */ = {isa = PBXBuildFile; fileRef = 833F6EC91D6B636900F3863C /* UploadRequestConfiguration.swift */; };
		833F6ECC1D6C43DE00F3863C /* HttpResponseCodes.swift in Sources */ = {isa = PBXBuildFile; fileRef = 833F6ECB1D6C43DE00F3863C /* HttpResponseCodes.swift */; };
		835C6CC21D2D504800C877A0 /* NetworkingKit.h in Headers */ = {isa = PBXBuildFile; fileRef = 835C6CC11D2D504800C877A0 /* NetworkingKit.h */; settings = {ATTRIBUTES = (Public, ); }; };
		835C6CC31D2D505100C877A0 /* NetworkingKit.h in Headers */ = {isa = PBXBuildFile; fileRef = 835C6CC11D2D504800C877A0 /* NetworkingKit.h */; settings = {ATTRIBUTES = (Public, ); }; };
		835C6CC41D2D505100C877A0 /* NetworkingKit.h in Headers */ = {isa = PBXBuildFile; fileRef = 835C6CC11D2D504800C877A0 /* NetworkingKit.h */; settings = {ATTRIBUTES = (Public, ); }; };
		835C6CF01D2D576100C877A0 /* JSONValueExtractor.swift in Sources */ = {isa = PBXBuildFile; fileRef = 835C6CE11D2D576100C877A0 /* JSONValueExtractor.swift */; };
		835C6CF11D2D576100C877A0 /* Reachability.h in Headers */ = {isa = PBXBuildFile; fileRef = 835C6CE31D2D576100C877A0 /* Reachability.h */; settings = {ATTRIBUTES = (Public, ); }; };
		835C6CF21D2D576100C877A0 /* Reachability.m in Sources */ = {isa = PBXBuildFile; fileRef = 835C6CE41D2D576100C877A0 /* Reachability.m */; };
		835C6CF31D2D576100C877A0 /* XMLParser.swift in Sources */ = {isa = PBXBuildFile; fileRef = 835C6CE61D2D576100C877A0 /* XMLParser.swift */; };
		835C6D061D2D57BB00C877A0 /* JSONValueExtractor.swift in Sources */ = {isa = PBXBuildFile; fileRef = 835C6CE11D2D576100C877A0 /* JSONValueExtractor.swift */; };
		835C6D071D2D57BB00C877A0 /* XMLParser.swift in Sources */ = {isa = PBXBuildFile; fileRef = 835C6CE61D2D576100C877A0 /* XMLParser.swift */; };
		835C6D081D2D57BB00C877A0 /* JSONValueExtractor.swift in Sources */ = {isa = PBXBuildFile; fileRef = 835C6CE11D2D576100C877A0 /* JSONValueExtractor.swift */; };
		835C6D091D2D57BB00C877A0 /* XMLParser.swift in Sources */ = {isa = PBXBuildFile; fileRef = 835C6CE61D2D576100C877A0 /* XMLParser.swift */; };
		835C6D0B1D2D57C200C877A0 /* Reachability.h in Headers */ = {isa = PBXBuildFile; fileRef = 835C6CE31D2D576100C877A0 /* Reachability.h */; settings = {ATTRIBUTES = (Public, ); }; };
		835C6D0D1D2D57C700C877A0 /* Reachability.m in Sources */ = {isa = PBXBuildFile; fileRef = 835C6CE41D2D576100C877A0 /* Reachability.m */; };
		83E43FB41D2FDFFB004427CE /* NetworkingKit.framework in Frameworks */ = {isa = PBXBuildFile; fileRef = 835C6C961D2D4EA900C877A0 /* NetworkingKit.framework */; };
		83E43FBA1D2FE0DD004427CE /* HttpProxyTests.swift in Sources */ = {isa = PBXBuildFile; fileRef = 8330BDD51D2FDB6000AF6A3A /* HttpProxyTests.swift */; };
		83E43FBB1D2FE0DD004427CE /* NetworkErrorTranslatorTests.swift in Sources */ = {isa = PBXBuildFile; fileRef = 8330BDD81D2FDB6000AF6A3A /* NetworkErrorTranslatorTests.swift */; };
		83E43FBC1D2FE0DD004427CE /* RemoteTests.swift in Sources */ = {isa = PBXBuildFile; fileRef = 8330BDD91D2FDB6000AF6A3A /* RemoteTests.swift */; };
		83E43FBD1D2FE0DD004427CE /* RequestTests.swift in Sources */ = {isa = PBXBuildFile; fileRef = 8330BDDB1D2FDB6000AF6A3A /* RequestTests.swift */; };
		83E43FBE1D2FE0DD004427CE /* ResponseQueueTests.swift in Sources */ = {isa = PBXBuildFile; fileRef = 8330BDDC1D2FDB6000AF6A3A /* ResponseQueueTests.swift */; };
		83E43FBF1D2FE0DD004427CE /* ResponseTests.swift in Sources */ = {isa = PBXBuildFile; fileRef = 8330BDDD1D2FDB6000AF6A3A /* ResponseTests.swift */; };
		83E43FC01D2FE0DD004427CE /* JSONValueExtractorTests.swift in Sources */ = {isa = PBXBuildFile; fileRef = 8330BDDF1D2FDB6000AF6A3A /* JSONValueExtractorTests.swift */; };
		83E43FC11D2FE0DD004427CE /* XMLParserTests.swift in Sources */ = {isa = PBXBuildFile; fileRef = 8330BDE11D2FDB6000AF6A3A /* XMLParserTests.swift */; };
		83E43FCC1D2FE32E004427CE /* NetworkingKit.framework in Frameworks */ = {isa = PBXBuildFile; fileRef = 835C6CB11D2D4ED600C877A0 /* NetworkingKit.framework */; };
		83E43FD31D2FE3BA004427CE /* HttpProxyTests.swift in Sources */ = {isa = PBXBuildFile; fileRef = 8330BDD51D2FDB6000AF6A3A /* HttpProxyTests.swift */; };
		83E43FD41D2FE3BA004427CE /* NetworkErrorTranslatorTests.swift in Sources */ = {isa = PBXBuildFile; fileRef = 8330BDD81D2FDB6000AF6A3A /* NetworkErrorTranslatorTests.swift */; };
		83E43FD51D2FE3BA004427CE /* RemoteTests.swift in Sources */ = {isa = PBXBuildFile; fileRef = 8330BDD91D2FDB6000AF6A3A /* RemoteTests.swift */; };
		83E43FD61D2FE3BA004427CE /* RequestTests.swift in Sources */ = {isa = PBXBuildFile; fileRef = 8330BDDB1D2FDB6000AF6A3A /* RequestTests.swift */; };
		83E43FD71D2FE3BA004427CE /* ResponseQueueTests.swift in Sources */ = {isa = PBXBuildFile; fileRef = 8330BDDC1D2FDB6000AF6A3A /* ResponseQueueTests.swift */; };
		83E43FD81D2FE3BA004427CE /* ResponseTests.swift in Sources */ = {isa = PBXBuildFile; fileRef = 8330BDDD1D2FDB6000AF6A3A /* ResponseTests.swift */; };
		83E43FD91D2FE3BA004427CE /* JSONValueExtractorTests.swift in Sources */ = {isa = PBXBuildFile; fileRef = 8330BDDF1D2FDB6000AF6A3A /* JSONValueExtractorTests.swift */; };
		83E43FDA1D2FE3BA004427CE /* XMLParserTests.swift in Sources */ = {isa = PBXBuildFile; fileRef = 8330BDE11D2FDB6000AF6A3A /* XMLParserTests.swift */; };
		83F085431D6F3E3000992878 /* FormDataConstants.swift in Sources */ = {isa = PBXBuildFile; fileRef = 83F0853F1D6F3E3000992878 /* FormDataConstants.swift */; };
		83F085441D6F3E3000992878 /* MultiPartFormData.swift in Sources */ = {isa = PBXBuildFile; fileRef = 83F085401D6F3E3000992878 /* MultiPartFormData.swift */; };
		83F085451D6F3E3000992878 /* HttpClient.swift in Sources */ = {isa = PBXBuildFile; fileRef = 83F085411D6F3E3000992878 /* HttpClient.swift */; };
		83F085461D6F3E3000992878 /* HttpClientImpl.swift in Sources */ = {isa = PBXBuildFile; fileRef = 83F085421D6F3E3000992878 /* HttpClientImpl.swift */; };
/* End PBXBuildFile section */

/* Begin PBXContainerItemProxy section */
		83E43FB51D2FDFFB004427CE /* PBXContainerItemProxy */ = {
			isa = PBXContainerItemProxy;
			containerPortal = 835C6C8B1D2D4E2E00C877A0 /* Project object */;
			proxyType = 1;
			remoteGlobalIDString = 835C6C951D2D4EA900C877A0;
			remoteInfo = "NetworkingKit-iOS";
		};
		83E43FCD1D2FE32E004427CE /* PBXContainerItemProxy */ = {
			isa = PBXContainerItemProxy;
			containerPortal = 835C6C8B1D2D4E2E00C877A0 /* Project object */;
			proxyType = 1;
			remoteGlobalIDString = 835C6CB01D2D4ED600C877A0;
			remoteInfo = "NetworkingKit-tvOS";
		};
/* End PBXContainerItemProxy section */

/* Begin PBXFileReference section */
		41416C351E4C968C00D9734B /* FoundationKit.framework */ = {isa = PBXFileReference; lastKnownFileType = wrapper.framework; path = FoundationKit.framework; sourceTree = "<group>"; };
		41416C381E4C968C00D9734B /* FoundationKit.framework */ = {isa = PBXFileReference; lastKnownFileType = wrapper.framework; path = FoundationKit.framework; sourceTree = "<group>"; };
		41416C3B1E4C968C00D9734B /* FoundationKit.framework */ = {isa = PBXFileReference; lastKnownFileType = wrapper.framework; path = FoundationKit.framework; sourceTree = "<group>"; };
		8330BDD51D2FDB6000AF6A3A /* HttpProxyTests.swift */ = {isa = PBXFileReference; fileEncoding = 4; lastKnownFileType = sourcecode.swift; path = HttpProxyTests.swift; sourceTree = "<group>"; };
		8330BDD81D2FDB6000AF6A3A /* NetworkErrorTranslatorTests.swift */ = {isa = PBXFileReference; fileEncoding = 4; lastKnownFileType = sourcecode.swift; path = NetworkErrorTranslatorTests.swift; sourceTree = "<group>"; };
		8330BDD91D2FDB6000AF6A3A /* RemoteTests.swift */ = {isa = PBXFileReference; fileEncoding = 4; lastKnownFileType = sourcecode.swift; path = RemoteTests.swift; sourceTree = "<group>"; };
		8330BDDB1D2FDB6000AF6A3A /* RequestTests.swift */ = {isa = PBXFileReference; fileEncoding = 4; lastKnownFileType = sourcecode.swift; path = RequestTests.swift; sourceTree = "<group>"; };
		8330BDDC1D2FDB6000AF6A3A /* ResponseQueueTests.swift */ = {isa = PBXFileReference; fileEncoding = 4; lastKnownFileType = sourcecode.swift; path = ResponseQueueTests.swift; sourceTree = "<group>"; };
		8330BDDD1D2FDB6000AF6A3A /* ResponseTests.swift */ = {isa = PBXFileReference; fileEncoding = 4; lastKnownFileType = sourcecode.swift; path = ResponseTests.swift; sourceTree = "<group>"; };
		8330BDDF1D2FDB6000AF6A3A /* JSONValueExtractorTests.swift */ = {isa = PBXFileReference; fileEncoding = 4; lastKnownFileType = sourcecode.swift; path = JSONValueExtractorTests.swift; sourceTree = "<group>"; };
		8330BDE11D2FDB6000AF6A3A /* XMLParserTests.swift */ = {isa = PBXFileReference; fileEncoding = 4; lastKnownFileType = sourcecode.swift; path = XMLParserTests.swift; sourceTree = "<group>"; };
		8330BDE31D2FDB6000AF6A3A /* Info-iOS.plist */ = {isa = PBXFileReference; fileEncoding = 4; lastKnownFileType = text.plist.xml; path = "Info-iOS.plist"; sourceTree = "<group>"; };
		8330BDE61D2FDB6000AF6A3A /* Info-tvOS.plist */ = {isa = PBXFileReference; fileEncoding = 4; lastKnownFileType = text.plist.xml; path = "Info-tvOS.plist"; sourceTree = "<group>"; };
		833F6E531D6B00B500F3863C /* RequestAttributes.swift */ = {isa = PBXFileReference; fileEncoding = 4; lastKnownFileType = sourcecode.swift; path = RequestAttributes.swift; sourceTree = "<group>"; };
		833F6E541D6B00B500F3863C /* RequestMethod.swift */ = {isa = PBXFileReference; fileEncoding = 4; lastKnownFileType = sourcecode.swift; path = RequestMethod.swift; sourceTree = "<group>"; };
		833F6E551D6B00B500F3863C /* RequestProtocol.swift */ = {isa = PBXFileReference; fileEncoding = 4; lastKnownFileType = sourcecode.swift; path = RequestProtocol.swift; sourceTree = "<group>"; };
		833F6E5F1D6B05A400F3863C /* RemoteImpl.swift */ = {isa = PBXFileReference; fileEncoding = 4; lastKnownFileType = sourcecode.swift; path = RemoteImpl.swift; sourceTree = "<group>"; };
		833F6E621D6B05FF00F3863C /* Remote.swift */ = {isa = PBXFileReference; fileEncoding = 4; lastKnownFileType = sourcecode.swift; path = Remote.swift; sourceTree = "<group>"; };
		833F6E7E1D6B274600F3863C /* RequestConfiguration.swift */ = {isa = PBXFileReference; fileEncoding = 4; lastKnownFileType = sourcecode.swift; path = RequestConfiguration.swift; sourceTree = "<group>"; };
		833F6E7F1D6B274600F3863C /* RequestConfigurationHelper.swift */ = {isa = PBXFileReference; fileEncoding = 4; lastKnownFileType = sourcecode.swift; path = RequestConfigurationHelper.swift; sourceTree = "<group>"; };
		833F6E831D6B277B00F3863C /* ErrorDomain.swift */ = {isa = PBXFileReference; fileEncoding = 4; lastKnownFileType = sourcecode.swift; path = ErrorDomain.swift; sourceTree = "<group>"; };
		833F6E841D6B277B00F3863C /* NetworkErrorTranslator.swift */ = {isa = PBXFileReference; fileEncoding = 4; lastKnownFileType = sourcecode.swift; path = NetworkErrorTranslator.swift; sourceTree = "<group>"; };
		833F6E861D6B277B00F3863C /* Response.swift */ = {isa = PBXFileReference; fileEncoding = 4; lastKnownFileType = sourcecode.swift; path = Response.swift; sourceTree = "<group>"; };
		833F6E871D6B277B00F3863C /* ResponseQueue.swift */ = {isa = PBXFileReference; fileEncoding = 4; lastKnownFileType = sourcecode.swift; path = ResponseQueue.swift; sourceTree = "<group>"; };
		833F6E8C1D6B2D0900F3863C /* ContentType.swift */ = {isa = PBXFileReference; fileEncoding = 4; lastKnownFileType = sourcecode.swift; path = ContentType.swift; sourceTree = "<group>"; };
		833F6E8E1D6B2D2100F3863C /* RequestHeaders.swift */ = {isa = PBXFileReference; fileEncoding = 4; lastKnownFileType = sourcecode.swift; path = RequestHeaders.swift; sourceTree = "<group>"; };
		833F6EC91D6B636900F3863C /* UploadRequestConfiguration.swift */ = {isa = PBXFileReference; fileEncoding = 4; lastKnownFileType = sourcecode.swift; path = UploadRequestConfiguration.swift; sourceTree = "<group>"; };
		833F6ECB1D6C43DE00F3863C /* HttpResponseCodes.swift */ = {isa = PBXFileReference; fileEncoding = 4; lastKnownFileType = sourcecode.swift; path = HttpResponseCodes.swift; sourceTree = "<group>"; };
		835C6C961D2D4EA900C877A0 /* NetworkingKit.framework */ = {isa = PBXFileReference; explicitFileType = wrapper.framework; includeInIndex = 0; path = NetworkingKit.framework; sourceTree = BUILT_PRODUCTS_DIR; };
		835C6CA41D2D4EC900C877A0 /* NetworkingKit.framework */ = {isa = PBXFileReference; explicitFileType = wrapper.framework; includeInIndex = 0; path = NetworkingKit.framework; sourceTree = BUILT_PRODUCTS_DIR; };
		835C6CB11D2D4ED600C877A0 /* NetworkingKit.framework */ = {isa = PBXFileReference; explicitFileType = wrapper.framework; includeInIndex = 0; path = NetworkingKit.framework; sourceTree = BUILT_PRODUCTS_DIR; };
		835C6CBB1D2D4F4A00C877A0 /* Info-iOS.plist */ = {isa = PBXFileReference; fileEncoding = 4; lastKnownFileType = text.plist.xml; path = "Info-iOS.plist"; sourceTree = "<group>"; };
		835C6CBC1D2D4F4A00C877A0 /* Info-tvOS.plist */ = {isa = PBXFileReference; fileEncoding = 4; lastKnownFileType = text.plist.xml; path = "Info-tvOS.plist"; sourceTree = "<group>"; };
		835C6CBD1D2D4F4A00C877A0 /* Info-watchOS.plist */ = {isa = PBXFileReference; fileEncoding = 4; lastKnownFileType = text.plist.xml; path = "Info-watchOS.plist"; sourceTree = "<group>"; };
		835C6CC11D2D504800C877A0 /* NetworkingKit.h */ = {isa = PBXFileReference; fileEncoding = 4; lastKnownFileType = sourcecode.c.h; path = NetworkingKit.h; sourceTree = "<group>"; };
		835C6CE11D2D576100C877A0 /* JSONValueExtractor.swift */ = {isa = PBXFileReference; fileEncoding = 4; lastKnownFileType = sourcecode.swift; path = JSONValueExtractor.swift; sourceTree = "<group>"; };
		835C6CE31D2D576100C877A0 /* Reachability.h */ = {isa = PBXFileReference; fileEncoding = 4; lastKnownFileType = sourcecode.c.h; path = Reachability.h; sourceTree = "<group>"; };
		835C6CE41D2D576100C877A0 /* Reachability.m */ = {isa = PBXFileReference; fileEncoding = 4; lastKnownFileType = sourcecode.c.objc; path = Reachability.m; sourceTree = "<group>"; };
		835C6CE61D2D576100C877A0 /* XMLParser.swift */ = {isa = PBXFileReference; fileEncoding = 4; lastKnownFileType = sourcecode.swift; path = XMLParser.swift; sourceTree = "<group>"; };
		836810381D378AFF001EB153 /* iOSBuildConfig.xcconfig */ = {isa = PBXFileReference; lastKnownFileType = text.xcconfig; path = iOSBuildConfig.xcconfig; sourceTree = "<group>"; };
		836810391D378B48001EB153 /* iOSDebugBuildConfig.xcconfig */ = {isa = PBXFileReference; fileEncoding = 4; lastKnownFileType = text.xcconfig; path = iOSDebugBuildConfig.xcconfig; sourceTree = "<group>"; };
		8368103A1D378B48001EB153 /* iOSReleaseBuildConfig.xcconfig */ = {isa = PBXFileReference; fileEncoding = 4; lastKnownFileType = text.xcconfig; path = iOSReleaseBuildConfig.xcconfig; sourceTree = "<group>"; };
		8368103F1D378D9B001EB153 /* tvOSBuildConfig.xcconfig */ = {isa = PBXFileReference; fileEncoding = 4; lastKnownFileType = text.xcconfig; path = tvOSBuildConfig.xcconfig; sourceTree = "<group>"; };
		836810401D378D9B001EB153 /* tvOSDebugBuildConfig.xcconfig */ = {isa = PBXFileReference; fileEncoding = 4; lastKnownFileType = text.xcconfig; path = tvOSDebugBuildConfig.xcconfig; sourceTree = "<group>"; };
		836810411D378D9B001EB153 /* tvOSReleaseBuildConfig.xcconfig */ = {isa = PBXFileReference; fileEncoding = 4; lastKnownFileType = text.xcconfig; path = tvOSReleaseBuildConfig.xcconfig; sourceTree = "<group>"; };
		836810471D378DA4001EB153 /* watchOSBuildConfig.xcconfig */ = {isa = PBXFileReference; fileEncoding = 4; lastKnownFileType = text.xcconfig; path = watchOSBuildConfig.xcconfig; sourceTree = "<group>"; };
		836810481D378DA4001EB153 /* watchOSDebugBuildConfig.xcconfig */ = {isa = PBXFileReference; fileEncoding = 4; lastKnownFileType = text.xcconfig; path = watchOSDebugBuildConfig.xcconfig; sourceTree = "<group>"; };
		836810491D378DA4001EB153 /* watchOSReleaseBuildConfig.xcconfig */ = {isa = PBXFileReference; fileEncoding = 4; lastKnownFileType = text.xcconfig; path = watchOSReleaseBuildConfig.xcconfig; sourceTree = "<group>"; };
		836810BA1D379D1A001EB153 /* iOSDebugTestConfig.xcconfig */ = {isa = PBXFileReference; fileEncoding = 4; lastKnownFileType = text.xcconfig; path = iOSDebugTestConfig.xcconfig; sourceTree = "<group>"; };
		836810BB1D379D1A001EB153 /* iOSReleaseTestConfig.xcconfig */ = {isa = PBXFileReference; fileEncoding = 4; lastKnownFileType = text.xcconfig; path = iOSReleaseTestConfig.xcconfig; sourceTree = "<group>"; };
		836810BC1D379D1A001EB153 /* iOSTestConfig.xcconfig */ = {isa = PBXFileReference; fileEncoding = 4; lastKnownFileType = text.xcconfig; path = iOSTestConfig.xcconfig; sourceTree = "<group>"; };
		836810C01D379D20001EB153 /* tvOSDebugTestConfig.xcconfig */ = {isa = PBXFileReference; fileEncoding = 4; lastKnownFileType = text.xcconfig; path = tvOSDebugTestConfig.xcconfig; sourceTree = "<group>"; };
		836810C11D379D20001EB153 /* tvOSReleaseTestConfig.xcconfig */ = {isa = PBXFileReference; fileEncoding = 4; lastKnownFileType = text.xcconfig; path = tvOSReleaseTestConfig.xcconfig; sourceTree = "<group>"; };
		836810C21D379D20001EB153 /* tvOSTestConfig.xcconfig */ = {isa = PBXFileReference; fileEncoding = 4; lastKnownFileType = text.xcconfig; path = tvOSTestConfig.xcconfig; sourceTree = "<group>"; };
		83E0E4721D2FB9DE00F0A61B /* iOSConfig.xcconfig */ = {isa = PBXFileReference; fileEncoding = 4; lastKnownFileType = text.xcconfig; path = iOSConfig.xcconfig; sourceTree = "<group>"; };
		83E0E4731D2FB9DE00F0A61B /* iOSDebugConfig.xcconfig */ = {isa = PBXFileReference; fileEncoding = 4; lastKnownFileType = text.xcconfig; path = iOSDebugConfig.xcconfig; sourceTree = "<group>"; };
		83E0E4741D2FB9DE00F0A61B /* iOSReleaseConfig.xcconfig */ = {isa = PBXFileReference; fileEncoding = 4; lastKnownFileType = text.xcconfig; path = iOSReleaseConfig.xcconfig; sourceTree = "<group>"; };
		83E0E4761D2FB9DE00F0A61B /* tvOSConfig.xcconfig */ = {isa = PBXFileReference; fileEncoding = 4; lastKnownFileType = text.xcconfig; path = tvOSConfig.xcconfig; sourceTree = "<group>"; };
		83E0E4771D2FB9DE00F0A61B /* tvOSDebugConfig.xcconfig */ = {isa = PBXFileReference; fileEncoding = 4; lastKnownFileType = text.xcconfig; path = tvOSDebugConfig.xcconfig; sourceTree = "<group>"; };
		83E0E4781D2FB9DE00F0A61B /* tvOSReleaseConfig.xcconfig */ = {isa = PBXFileReference; fileEncoding = 4; lastKnownFileType = text.xcconfig; path = tvOSReleaseConfig.xcconfig; sourceTree = "<group>"; };
		83E0E47A1D2FB9DE00F0A61B /* watchOSConfig.xcconfig */ = {isa = PBXFileReference; fileEncoding = 4; lastKnownFileType = text.xcconfig; path = watchOSConfig.xcconfig; sourceTree = "<group>"; };
		83E0E47B1D2FB9DE00F0A61B /* watchOSDebugConfig.xcconfig */ = {isa = PBXFileReference; fileEncoding = 4; lastKnownFileType = text.xcconfig; path = watchOSDebugConfig.xcconfig; sourceTree = "<group>"; };
		83E0E47C1D2FB9DE00F0A61B /* watchOSReleaseConfig.xcconfig */ = {isa = PBXFileReference; fileEncoding = 4; lastKnownFileType = text.xcconfig; path = watchOSReleaseConfig.xcconfig; sourceTree = "<group>"; };
		83E43FAF1D2FDFFB004427CE /* NetworkingKitTests-iOS.xctest */ = {isa = PBXFileReference; explicitFileType = wrapper.cfbundle; includeInIndex = 0; path = "NetworkingKitTests-iOS.xctest"; sourceTree = BUILT_PRODUCTS_DIR; };
		83E43FC71D2FE32E004427CE /* NetworkingKitTests-tvOS.xctest */ = {isa = PBXFileReference; explicitFileType = wrapper.cfbundle; includeInIndex = 0; path = "NetworkingKitTests-tvOS.xctest"; sourceTree = BUILT_PRODUCTS_DIR; };
		83F0853F1D6F3E3000992878 /* FormDataConstants.swift */ = {isa = PBXFileReference; fileEncoding = 4; lastKnownFileType = sourcecode.swift; path = FormDataConstants.swift; sourceTree = "<group>"; };
		83F085401D6F3E3000992878 /* MultiPartFormData.swift */ = {isa = PBXFileReference; fileEncoding = 4; lastKnownFileType = sourcecode.swift; path = MultiPartFormData.swift; sourceTree = "<group>"; };
		83F085411D6F3E3000992878 /* HttpClient.swift */ = {isa = PBXFileReference; fileEncoding = 4; lastKnownFileType = sourcecode.swift; path = HttpClient.swift; sourceTree = "<group>"; };
		83F085421D6F3E3000992878 /* HttpClientImpl.swift */ = {isa = PBXFileReference; fileEncoding = 4; lastKnownFileType = sourcecode.swift; path = HttpClientImpl.swift; sourceTree = "<group>"; };
/* End PBXFileReference section */

/* Begin PBXFrameworksBuildPhase section */
		835C6C921D2D4EA900C877A0 /* Frameworks */ = {
			isa = PBXFrameworksBuildPhase;
			buildActionMask = 2147483647;
			files = (
				41416C3E1E4C968C00D9734B /* FoundationKit.framework in Frameworks */,
			);
			runOnlyForDeploymentPostprocessing = 0;
		};
		835C6CA01D2D4EC900C877A0 /* Frameworks */ = {
			isa = PBXFrameworksBuildPhase;
			buildActionMask = 2147483647;
			files = (
				41416C3F1E4C969200D9734B /* FoundationKit.framework in Frameworks */,
			);
			runOnlyForDeploymentPostprocessing = 0;
		};
		835C6CAD1D2D4ED600C877A0 /* Frameworks */ = {
			isa = PBXFrameworksBuildPhase;
			buildActionMask = 2147483647;
			files = (
				41416C401E4C969800D9734B /* FoundationKit.framework in Frameworks */,
			);
			runOnlyForDeploymentPostprocessing = 0;
		};
		83E43FAC1D2FDFFB004427CE /* Frameworks */ = {
			isa = PBXFrameworksBuildPhase;
			buildActionMask = 2147483647;
			files = (
				83E43FB41D2FDFFB004427CE /* NetworkingKit.framework in Frameworks */,
			);
			runOnlyForDeploymentPostprocessing = 0;
		};
		83E43FC41D2FE32E004427CE /* Frameworks */ = {
			isa = PBXFrameworksBuildPhase;
			buildActionMask = 2147483647;
			files = (
				83E43FCC1D2FE32E004427CE /* NetworkingKit.framework in Frameworks */,
			);
			runOnlyForDeploymentPostprocessing = 0;
		};
/* End PBXFrameworksBuildPhase section */

/* Begin PBXGroup section */
		41416C331E4C968B00D9734B /* watchOS */ = {
			isa = PBXGroup;
			children = (
				41416C341E4C968C00D9734B /* Core */,
			);
			path = watchOS;
			sourceTree = "<group>";
		};
		41416C341E4C968C00D9734B /* Core */ = {
			isa = PBXGroup;
			children = (
				41416C351E4C968C00D9734B /* FoundationKit.framework */,
			);
			path = Core;
			sourceTree = "<group>";
		};
		41416C361E4C968C00D9734B /* tvOS */ = {
			isa = PBXGroup;
			children = (
				41416C371E4C968C00D9734B /* Core */,
			);
			path = tvOS;
			sourceTree = "<group>";
		};
		41416C371E4C968C00D9734B /* Core */ = {
			isa = PBXGroup;
			children = (
				41416C381E4C968C00D9734B /* FoundationKit.framework */,
			);
			path = Core;
			sourceTree = "<group>";
		};
		41416C391E4C968C00D9734B /* iOS */ = {
			isa = PBXGroup;
			children = (
				41416C3A1E4C968C00D9734B /* Core */,
			);
			path = iOS;
			sourceTree = "<group>";
		};
		41416C3A1E4C968C00D9734B /* Core */ = {
			isa = PBXGroup;
			children = (
				41416C3B1E4C968C00D9734B /* FoundationKit.framework */,
			);
			path = Core;
			sourceTree = "<group>";
		};
		8330BDD11D2FDB6000AF6A3A /* Unit Tests */ = {
			isa = PBXGroup;
			children = (
				8330BDD21D2FDB6000AF6A3A /* Common */,
				8330BDE21D2FDB6000AF6A3A /* iOS */,
				8330BDE51D2FDB6000AF6A3A /* tvOS */,
			);
			path = "Unit Tests";
			sourceTree = "<group>";
		};
		8330BDD21D2FDB6000AF6A3A /* Common */ = {
			isa = PBXGroup;
			children = (
				8330BDD31D2FDB6000AF6A3A /* Test Cases */,
			);
			path = Common;
			sourceTree = "<group>";
		};
		8330BDD31D2FDB6000AF6A3A /* Test Cases */ = {
			isa = PBXGroup;
			children = (
				8330BDD41D2FDB6000AF6A3A /* Common */,
				8330BDDE1D2FDB6000AF6A3A /* JSON */,
				8330BDE01D2FDB6000AF6A3A /* XML */,
			);
			path = "Test Cases";
			sourceTree = "<group>";
		};
		8330BDD41D2FDB6000AF6A3A /* Common */ = {
			isa = PBXGroup;
			children = (
				8330BDD51D2FDB6000AF6A3A /* HttpProxyTests.swift */,
				8330BDD81D2FDB6000AF6A3A /* NetworkErrorTranslatorTests.swift */,
				8330BDD91D2FDB6000AF6A3A /* RemoteTests.swift */,
				8330BDDB1D2FDB6000AF6A3A /* RequestTests.swift */,
				8330BDDC1D2FDB6000AF6A3A /* ResponseQueueTests.swift */,
				8330BDDD1D2FDB6000AF6A3A /* ResponseTests.swift */,
			);
			path = Common;
			sourceTree = "<group>";
		};
		8330BDDE1D2FDB6000AF6A3A /* JSON */ = {
			isa = PBXGroup;
			children = (
				8330BDDF1D2FDB6000AF6A3A /* JSONValueExtractorTests.swift */,
			);
			path = JSON;
			sourceTree = "<group>";
		};
		8330BDE01D2FDB6000AF6A3A /* XML */ = {
			isa = PBXGroup;
			children = (
				8330BDE11D2FDB6000AF6A3A /* XMLParserTests.swift */,
			);
			path = XML;
			sourceTree = "<group>";
		};
		8330BDE21D2FDB6000AF6A3A /* iOS */ = {
			isa = PBXGroup;
			children = (
				8330BDE31D2FDB6000AF6A3A /* Info-iOS.plist */,
				8330BDE41D2FDB6000AF6A3A /* Test Cases */,
			);
			path = iOS;
			sourceTree = "<group>";
		};
		8330BDE41D2FDB6000AF6A3A /* Test Cases */ = {
			isa = PBXGroup;
			children = (
			);
			path = "Test Cases";
			sourceTree = "<group>";
		};
		8330BDE51D2FDB6000AF6A3A /* tvOS */ = {
			isa = PBXGroup;
			children = (
				8330BDE61D2FDB6000AF6A3A /* Info-tvOS.plist */,
				8330BDE71D2FDB6000AF6A3A /* Test Cases */,
			);
			path = tvOS;
			sourceTree = "<group>";
		};
		8330BDE71D2FDB6000AF6A3A /* Test Cases */ = {
			isa = PBXGroup;
			children = (
			);
			path = "Test Cases";
			sourceTree = "<group>";
		};
		833F6E511D6B00B500F3863C /* Constants */ = {
			isa = PBXGroup;
			children = (
				833F6E531D6B00B500F3863C /* RequestAttributes.swift */,
				833F6E541D6B00B500F3863C /* RequestMethod.swift */,
				833F6E551D6B00B500F3863C /* RequestProtocol.swift */,
				833F6E8C1D6B2D0900F3863C /* ContentType.swift */,
				833F6E8E1D6B2D2100F3863C /* RequestHeaders.swift */,
				833F6ECB1D6C43DE00F3863C /* HttpResponseCodes.swift */,
			);
			path = Constants;
			sourceTree = "<group>";
		};
		833F6E5C1D6B054300F3863C /* Remote */ = {
			isa = PBXGroup;
			children = (
				833F6E621D6B05FF00F3863C /* Remote.swift */,
				833F6E5F1D6B05A400F3863C /* RemoteImpl.swift */,
			);
			path = Remote;
			sourceTree = "<group>";
		};
		833F6E7D1D6B274600F3863C /* RequestConfiguration */ = {
			isa = PBXGroup;
			children = (
				833F6E7E1D6B274600F3863C /* RequestConfiguration.swift */,
				833F6EC91D6B636900F3863C /* UploadRequestConfiguration.swift */,
				833F6E7F1D6B274600F3863C /* RequestConfigurationHelper.swift */,
			);
			path = RequestConfiguration;
			sourceTree = "<group>";
		};
		833F6E821D6B277B00F3863C /* Error */ = {
			isa = PBXGroup;
			children = (
				833F6E831D6B277B00F3863C /* ErrorDomain.swift */,
				833F6E841D6B277B00F3863C /* NetworkErrorTranslator.swift */,
			);
			path = Error;
			sourceTree = "<group>";
		};
		833F6E851D6B277B00F3863C /* Response */ = {
			isa = PBXGroup;
			children = (
				833F6E861D6B277B00F3863C /* Response.swift */,
				833F6E871D6B277B00F3863C /* ResponseQueue.swift */,
			);
			path = Response;
			sourceTree = "<group>";
		};
		835C6C8A1D2D4E2E00C877A0 = {
			isa = PBXGroup;
			children = (
				835C6CB91D2D4F4A00C877A0 /* Sources */,
				8330BDD11D2FDB6000AF6A3A /* Unit Tests */,
				835C6C971D2D4EA900C877A0 /* Products */,
			);
			sourceTree = "<group>";
		};
		835C6C971D2D4EA900C877A0 /* Products */ = {
			isa = PBXGroup;
			children = (
				835C6C961D2D4EA900C877A0 /* NetworkingKit.framework */,
				835C6CA41D2D4EC900C877A0 /* NetworkingKit.framework */,
				835C6CB11D2D4ED600C877A0 /* NetworkingKit.framework */,
				83E43FAF1D2FDFFB004427CE /* NetworkingKitTests-iOS.xctest */,
				83E43FC71D2FE32E004427CE /* NetworkingKitTests-tvOS.xctest */,
			);
			name = Products;
			sourceTree = "<group>";
		};
		835C6CB91D2D4F4A00C877A0 /* Sources */ = {
			isa = PBXGroup;
			children = (
				835C6CBA1D2D4F4A00C877A0 /* Classes */,
				835C6CC51D2D564400C877A0 /* Vendor */,
				83E0E4701D2FB9DE00F0A61B /* Config */,
				835C6CBB1D2D4F4A00C877A0 /* Info-iOS.plist */,
				835C6CBC1D2D4F4A00C877A0 /* Info-tvOS.plist */,
				835C6CBD1D2D4F4A00C877A0 /* Info-watchOS.plist */,
				835C6CC11D2D504800C877A0 /* NetworkingKit.h */,
			);
			path = Sources;
			sourceTree = "<group>";
		};
		835C6CBA1D2D4F4A00C877A0 /* Classes */ = {
			isa = PBXGroup;
			children = (
				835C6CD61D2D576100C877A0 /* Common */,
				835C6CE01D2D576100C877A0 /* JSON */,
				835C6CE21D2D576100C877A0 /* Reachability */,
				835C6CE51D2D576100C877A0 /* XML */,
			);
			path = Classes;
			sourceTree = "<group>";
		};
		835C6CC51D2D564400C877A0 /* Vendor */ = {
			isa = PBXGroup;
			children = (
				41416C331E4C968B00D9734B /* watchOS */,
				41416C361E4C968C00D9734B /* tvOS */,
				41416C391E4C968C00D9734B /* iOS */,
			);
			path = Vendor;
			sourceTree = "<group>";
		};
		835C6CD61D2D576100C877A0 /* Common */ = {
			isa = PBXGroup;
			children = (
				833F6E511D6B00B500F3863C /* Constants */,
				833F6E821D6B277B00F3863C /* Error */,
				83F0853E1D6F3E3000992878 /* HttpClient */,
				833F6E5C1D6B054300F3863C /* Remote */,
				833F6E7D1D6B274600F3863C /* RequestConfiguration */,
				833F6E851D6B277B00F3863C /* Response */,
			);
			path = Common;
			sourceTree = "<group>";
		};
		835C6CE01D2D576100C877A0 /* JSON */ = {
			isa = PBXGroup;
			children = (
				835C6CE11D2D576100C877A0 /* JSONValueExtractor.swift */,
			);
			path = JSON;
			sourceTree = "<group>";
		};
		835C6CE21D2D576100C877A0 /* Reachability */ = {
			isa = PBXGroup;
			children = (
				835C6CE31D2D576100C877A0 /* Reachability.h */,
				835C6CE41D2D576100C877A0 /* Reachability.m */,
			);
			path = Reachability;
			sourceTree = "<group>";
		};
		835C6CE51D2D576100C877A0 /* XML */ = {
			isa = PBXGroup;
			children = (
				835C6CE61D2D576100C877A0 /* XMLParser.swift */,
			);
			path = XML;
			sourceTree = "<group>";
		};
		836810361D378AC8001EB153 /* Build */ = {
			isa = PBXGroup;
			children = (
				836810381D378AFF001EB153 /* iOSBuildConfig.xcconfig */,
				836810391D378B48001EB153 /* iOSDebugBuildConfig.xcconfig */,
				8368103A1D378B48001EB153 /* iOSReleaseBuildConfig.xcconfig */,
			);
			path = Build;
			sourceTree = "<group>";
		};
		836810371D378AC8001EB153 /* Unit Tests */ = {
			isa = PBXGroup;
			children = (
				836810BA1D379D1A001EB153 /* iOSDebugTestConfig.xcconfig */,
				836810BB1D379D1A001EB153 /* iOSReleaseTestConfig.xcconfig */,
				836810BC1D379D1A001EB153 /* iOSTestConfig.xcconfig */,
			);
			path = "Unit Tests";
			sourceTree = "<group>";
		};
		8368103E1D378D9B001EB153 /* Build */ = {
			isa = PBXGroup;
			children = (
				8368103F1D378D9B001EB153 /* tvOSBuildConfig.xcconfig */,
				836810401D378D9B001EB153 /* tvOSDebugBuildConfig.xcconfig */,
				836810411D378D9B001EB153 /* tvOSReleaseBuildConfig.xcconfig */,
			);
			path = Build;
			sourceTree = "<group>";
		};
		836810421D378D9B001EB153 /* Unit Tests */ = {
			isa = PBXGroup;
			children = (
				836810C01D379D20001EB153 /* tvOSDebugTestConfig.xcconfig */,
				836810C11D379D20001EB153 /* tvOSReleaseTestConfig.xcconfig */,
				836810C21D379D20001EB153 /* tvOSTestConfig.xcconfig */,
			);
			path = "Unit Tests";
			sourceTree = "<group>";
		};
		836810461D378DA4001EB153 /* Build */ = {
			isa = PBXGroup;
			children = (
				836810471D378DA4001EB153 /* watchOSBuildConfig.xcconfig */,
				836810481D378DA4001EB153 /* watchOSDebugBuildConfig.xcconfig */,
				836810491D378DA4001EB153 /* watchOSReleaseBuildConfig.xcconfig */,
			);
			path = Build;
			sourceTree = "<group>";
		};
		83E0E4701D2FB9DE00F0A61B /* Config */ = {
			isa = PBXGroup;
			children = (
				83E0E4711D2FB9DE00F0A61B /* iOS */,
				83E0E4751D2FB9DE00F0A61B /* tvOS */,
				83E0E4791D2FB9DE00F0A61B /* watchOS */,
			);
			path = Config;
			sourceTree = "<group>";
		};
		83E0E4711D2FB9DE00F0A61B /* iOS */ = {
			isa = PBXGroup;
			children = (
				83E0E4721D2FB9DE00F0A61B /* iOSConfig.xcconfig */,
				83E0E4731D2FB9DE00F0A61B /* iOSDebugConfig.xcconfig */,
				83E0E4741D2FB9DE00F0A61B /* iOSReleaseConfig.xcconfig */,
				836810361D378AC8001EB153 /* Build */,
				836810371D378AC8001EB153 /* Unit Tests */,
			);
			path = iOS;
			sourceTree = "<group>";
		};
		83E0E4751D2FB9DE00F0A61B /* tvOS */ = {
			isa = PBXGroup;
			children = (
				83E0E4761D2FB9DE00F0A61B /* tvOSConfig.xcconfig */,
				83E0E4771D2FB9DE00F0A61B /* tvOSDebugConfig.xcconfig */,
				83E0E4781D2FB9DE00F0A61B /* tvOSReleaseConfig.xcconfig */,
				8368103E1D378D9B001EB153 /* Build */,
				836810421D378D9B001EB153 /* Unit Tests */,
			);
			path = tvOS;
			sourceTree = "<group>";
		};
		83E0E4791D2FB9DE00F0A61B /* watchOS */ = {
			isa = PBXGroup;
			children = (
				83E0E47A1D2FB9DE00F0A61B /* watchOSConfig.xcconfig */,
				83E0E47B1D2FB9DE00F0A61B /* watchOSDebugConfig.xcconfig */,
				83E0E47C1D2FB9DE00F0A61B /* watchOSReleaseConfig.xcconfig */,
				836810461D378DA4001EB153 /* Build */,
			);
			path = watchOS;
			sourceTree = "<group>";
		};
		83F0853E1D6F3E3000992878 /* HttpClient */ = {
			isa = PBXGroup;
			children = (
				83F0853F1D6F3E3000992878 /* FormDataConstants.swift */,
				83F085401D6F3E3000992878 /* MultiPartFormData.swift */,
				83F085411D6F3E3000992878 /* HttpClient.swift */,
				83F085421D6F3E3000992878 /* HttpClientImpl.swift */,
			);
			path = HttpClient;
			sourceTree = "<group>";
		};
/* End PBXGroup section */

/* Begin PBXHeadersBuildPhase section */
		835C6C931D2D4EA900C877A0 /* Headers */ = {
			isa = PBXHeadersBuildPhase;
			buildActionMask = 2147483647;
			files = (
				835C6CC21D2D504800C877A0 /* NetworkingKit.h in Headers */,
				835C6CF11D2D576100C877A0 /* Reachability.h in Headers */,
			);
			runOnlyForDeploymentPostprocessing = 0;
		};
		835C6CA11D2D4EC900C877A0 /* Headers */ = {
			isa = PBXHeadersBuildPhase;
			buildActionMask = 2147483647;
			files = (
				835C6CC31D2D505100C877A0 /* NetworkingKit.h in Headers */,
			);
			runOnlyForDeploymentPostprocessing = 0;
		};
		835C6CAE1D2D4ED600C877A0 /* Headers */ = {
			isa = PBXHeadersBuildPhase;
			buildActionMask = 2147483647;
			files = (
				835C6CC41D2D505100C877A0 /* NetworkingKit.h in Headers */,
				835C6D0B1D2D57C200C877A0 /* Reachability.h in Headers */,
			);
			runOnlyForDeploymentPostprocessing = 0;
		};
/* End PBXHeadersBuildPhase section */

/* Begin PBXNativeTarget section */
		835C6C951D2D4EA900C877A0 /* NetworkingKit-iOS */ = {
			isa = PBXNativeTarget;
			buildConfigurationList = 835C6C9C1D2D4EA900C877A0 /* Build configuration list for PBXNativeTarget "NetworkingKit-iOS" */;
			buildPhases = (
				835C6C911D2D4EA900C877A0 /* Sources */,
				835C6C921D2D4EA900C877A0 /* Frameworks */,
				835C6C931D2D4EA900C877A0 /* Headers */,
				835C6C941D2D4EA900C877A0 /* Resources */,
			);
			buildRules = (
			);
			dependencies = (
			);
			name = "NetworkingKit-iOS";
			productName = "NetworkingKit-iOS";
			productReference = 835C6C961D2D4EA900C877A0 /* NetworkingKit.framework */;
			productType = "com.apple.product-type.framework";
		};
		835C6CA31D2D4EC900C877A0 /* NetworkingKit-watchOS */ = {
			isa = PBXNativeTarget;
			buildConfigurationList = 835C6CA91D2D4EC900C877A0 /* Build configuration list for PBXNativeTarget "NetworkingKit-watchOS" */;
			buildPhases = (
				835C6C9F1D2D4EC900C877A0 /* Sources */,
				835C6CA01D2D4EC900C877A0 /* Frameworks */,
				835C6CA11D2D4EC900C877A0 /* Headers */,
				835C6CA21D2D4EC900C877A0 /* Resources */,
			);
			buildRules = (
			);
			dependencies = (
			);
			name = "NetworkingKit-watchOS";
			productName = "NetworkingKit-watchOS";
			productReference = 835C6CA41D2D4EC900C877A0 /* NetworkingKit.framework */;
			productType = "com.apple.product-type.framework";
		};
		835C6CB01D2D4ED600C877A0 /* NetworkingKit-tvOS */ = {
			isa = PBXNativeTarget;
			buildConfigurationList = 835C6CB61D2D4ED600C877A0 /* Build configuration list for PBXNativeTarget "NetworkingKit-tvOS" */;
			buildPhases = (
				835C6CAC1D2D4ED600C877A0 /* Sources */,
				835C6CAD1D2D4ED600C877A0 /* Frameworks */,
				835C6CAE1D2D4ED600C877A0 /* Headers */,
				835C6CAF1D2D4ED600C877A0 /* Resources */,
			);
			buildRules = (
			);
			dependencies = (
			);
			name = "NetworkingKit-tvOS";
			productName = "NetworkingKit-tvOS";
			productReference = 835C6CB11D2D4ED600C877A0 /* NetworkingKit.framework */;
			productType = "com.apple.product-type.framework";
		};
		83E43FAE1D2FDFFB004427CE /* NetworkingKitTests-iOS */ = {
			isa = PBXNativeTarget;
			buildConfigurationList = 83E43FB71D2FDFFB004427CE /* Build configuration list for PBXNativeTarget "NetworkingKitTests-iOS" */;
			buildPhases = (
				83E43FAB1D2FDFFB004427CE /* Sources */,
				83E43FAC1D2FDFFB004427CE /* Frameworks */,
				83E43FAD1D2FDFFB004427CE /* Resources */,
			);
			buildRules = (
			);
			dependencies = (
				83E43FB61D2FDFFB004427CE /* PBXTargetDependency */,
			);
			name = "NetworkingKitTests-iOS";
			productName = "NetworkingKitTests-iOS";
			productReference = 83E43FAF1D2FDFFB004427CE /* NetworkingKitTests-iOS.xctest */;
			productType = "com.apple.product-type.bundle.unit-test";
		};
		83E43FC61D2FE32E004427CE /* NetworkingKitTests-tvOS */ = {
			isa = PBXNativeTarget;
			buildConfigurationList = 83E43FCF1D2FE32E004427CE /* Build configuration list for PBXNativeTarget "NetworkingKitTests-tvOS" */;
			buildPhases = (
				83E43FC31D2FE32E004427CE /* Sources */,
				83E43FC41D2FE32E004427CE /* Frameworks */,
				83E43FC51D2FE32E004427CE /* Resources */,
			);
			buildRules = (
			);
			dependencies = (
				83E43FCE1D2FE32E004427CE /* PBXTargetDependency */,
			);
			name = "NetworkingKitTests-tvOS";
			productName = "NetworkingKitTests-tvOS";
			productReference = 83E43FC71D2FE32E004427CE /* NetworkingKitTests-tvOS.xctest */;
			productType = "com.apple.product-type.bundle.unit-test";
		};
/* End PBXNativeTarget section */

/* Begin PBXProject section */
		835C6C8B1D2D4E2E00C877A0 /* Project object */ = {
			isa = PBXProject;
			attributes = {
				LastSwiftUpdateCheck = 0730;
				LastUpgradeCheck = 0820;
				TargetAttributes = {
					835C6C951D2D4EA900C877A0 = {
						CreatedOnToolsVersion = 7.3.1;
						LastSwiftMigration = 0820;
					};
					835C6CA31D2D4EC900C877A0 = {
						CreatedOnToolsVersion = 7.3.1;
						LastSwiftMigration = 0820;
					};
					835C6CB01D2D4ED600C877A0 = {
						CreatedOnToolsVersion = 7.3.1;
						LastSwiftMigration = 0820;
					};
					835C6D2E1D2D670E00C877A0 = {
						CreatedOnToolsVersion = 7.3.1;
						LastSwiftMigration = 0800;
					};
					835C6D321D2D676700C877A0 = {
						CreatedOnToolsVersion = 7.3.1;
					};
					835C6D3A1D2D67A500C877A0 = {
						CreatedOnToolsVersion = 7.3.1;
					};
					83E43FAE1D2FDFFB004427CE = {
						CreatedOnToolsVersion = 7.3.1;
						LastSwiftMigration = 0820;
					};
					83E43FC61D2FE32E004427CE = {
						CreatedOnToolsVersion = 7.3.1;
						LastSwiftMigration = 0820;
					};
				};
			};
			buildConfigurationList = 835C6C8E1D2D4E2E00C877A0 /* Build configuration list for PBXProject "NetworkingKit" */;
			compatibilityVersion = "Xcode 3.2";
			developmentRegion = English;
			hasScannedForEncodings = 0;
			knownRegions = (
				en,
			);
			mainGroup = 835C6C8A1D2D4E2E00C877A0;
			productRefGroup = 835C6C971D2D4EA900C877A0 /* Products */;
			projectDirPath = "";
			projectRoot = "";
			targets = (
				835C6C951D2D4EA900C877A0 /* NetworkingKit-iOS */,
				835C6CA31D2D4EC900C877A0 /* NetworkingKit-watchOS */,
				835C6CB01D2D4ED600C877A0 /* NetworkingKit-tvOS */,
				835C6D2E1D2D670E00C877A0 /* Build-iOS */,
				835C6D321D2D676700C877A0 /* Build-tvOS */,
				835C6D3A1D2D67A500C877A0 /* Build-watchOS */,
				83E43FAE1D2FDFFB004427CE /* NetworkingKitTests-iOS */,
				83E43FC61D2FE32E004427CE /* NetworkingKitTests-tvOS */,
			);
		};
/* End PBXProject section */

/* Begin PBXResourcesBuildPhase section */
		835C6C941D2D4EA900C877A0 /* Resources */ = {
			isa = PBXResourcesBuildPhase;
			buildActionMask = 2147483647;
			files = (
			);
			runOnlyForDeploymentPostprocessing = 0;
		};
		835C6CA21D2D4EC900C877A0 /* Resources */ = {
			isa = PBXResourcesBuildPhase;
			buildActionMask = 2147483647;
			files = (
			);
			runOnlyForDeploymentPostprocessing = 0;
		};
		835C6CAF1D2D4ED600C877A0 /* Resources */ = {
			isa = PBXResourcesBuildPhase;
			buildActionMask = 2147483647;
			files = (
			);
			runOnlyForDeploymentPostprocessing = 0;
		};
		83E43FAD1D2FDFFB004427CE /* Resources */ = {
			isa = PBXResourcesBuildPhase;
			buildActionMask = 2147483647;
			files = (
			);
			runOnlyForDeploymentPostprocessing = 0;
		};
		83E43FC51D2FE32E004427CE /* Resources */ = {
			isa = PBXResourcesBuildPhase;
			buildActionMask = 2147483647;
			files = (
			);
			runOnlyForDeploymentPostprocessing = 0;
		};
/* End PBXResourcesBuildPhase section */

/* Begin PBXShellScriptBuildPhase section */
		835C6D3E1D2D681000C877A0 /* ShellScript */ = {
			isa = PBXShellScriptBuildPhase;
			buildActionMask = 2147483647;
			files = (
			);
			inputPaths = (
			);
			outputPaths = (
			);
			runOnlyForDeploymentPostprocessing = 0;
			shellPath = /bin/sh;
			shellScript = "######################\n# Options\n######################\n\nREVEAL_ARCHIVE_IN_FINDER=true\n\nFRAMEWORK_NAME=\"${PRODUCT_NAME}\"\n\nSCHEME=\"NetworkingKit-iOS\"\n\nSIMULATOR_LIBRARY_PATH=\"${BUILD_DIR}/${CONFIGURATION}-iphonesimulator/${FRAMEWORK_NAME}.framework\"\n\nDEVICE_LIBRARY_PATH=\"${BUILD_DIR}/${CONFIGURATION}-iphoneos/${FRAMEWORK_NAME}.framework\"\n\nUNIVERSAL_LIBRARY_DIR=\"${BUILD_DIR}/${CONFIGURATION}-iphoneuniversal\"\n\nFRAMEWORK=\"${UNIVERSAL_LIBRARY_DIR}/${FRAMEWORK_NAME}.framework\"\n\n\n######################\n# Build Frameworks\n######################\n\nxcodebuild -project ${PROJECT_NAME}.xcodeproj -scheme ${SCHEME} -sdk iphoneos -configuration ${CONFIGURATION} clean build CONFIGURATION_BUILD_DIR=${BUILD_DIR}/${CONFIGURATION}-iphoneos 2>&1\n\nxcodebuild -project ${PROJECT_NAME}.xcodeproj -scheme ${SCHEME} -sdk iphonesimulator -configuration ${CONFIGURATION} clean build  -destination 'platform=iOS Simulator,name=iPhone 6,OS=latest' CONFIGURATION_BUILD_DIR=${BUILD_DIR}/${CONFIGURATION}-iphonesimulator 2>&1\n\n######################\n# Create directory for universal\n######################\n\nrm -rf \"${UNIVERSAL_LIBRARY_DIR}\"\n\nmkdir \"${UNIVERSAL_LIBRARY_DIR}\"\n\nmkdir \"${FRAMEWORK}\"\n\n\n######################\n# Copy files Framework\n######################\n\ncp -r \"${DEVICE_LIBRARY_PATH}/.\" \"${FRAMEWORK}\"\n\n\n######################\n# Make an universal binary\n######################\n\nlipo \"${SIMULATOR_LIBRARY_PATH}/${FRAMEWORK_NAME}\" \"${DEVICE_LIBRARY_PATH}/${FRAMEWORK_NAME}\" -create -output \"${FRAMEWORK}/${FRAMEWORK_NAME}\" | echo\n\n# For Swift framework, Swiftmodule needs to be copied in the universal framework\nif [ -d \"${SIMULATOR_LIBRARY_PATH}/Modules/${FRAMEWORK_NAME}.swiftmodule/\" ]; then\ncp -f ${SIMULATOR_LIBRARY_PATH}/Modules/${FRAMEWORK_NAME}.swiftmodule/* \"${FRAMEWORK}/Modules/${FRAMEWORK_NAME}.swiftmodule/\" | echo\n                                                                      fi\n                                                                      \n                                                                      if [ -d \"${DEVICE_LIBRARY_PATH}/Modules/${FRAMEWORK_NAME}.swiftmodule/\" ]; then\n                                                                      cp -f ${DEVICE_LIBRARY_PATH}/Modules/${FRAMEWORK_NAME}.swiftmodule/* \"${FRAMEWORK}/Modules/${FRAMEWORK_NAME}.swiftmodule/\" | echo\n                                                                      fi\n                                                                      \n                                                                      ######################\n                                                                      # On Release, copy the result to release directory\n                                                                      ######################\n                                                                      OUTPUT_DIR=\"${PROJECT_DIR}/Output/${FRAMEWORK_NAME}-${CONFIGURATION}-iphoneuniversal/\"\n                                                                      \n                                                                      rm -rf \"$OUTPUT_DIR\"\n                                                                      mkdir -p \"$OUTPUT_DIR\"\n                                                                      \n                                                                      cp -r \"${FRAMEWORK}\" \"$OUTPUT_DIR\"\n                                                                      \n                                                                      if [ ${REVEAL_ARCHIVE_IN_FINDER} = true ]; then\n                                                                      open \"${OUTPUT_DIR}/\"\n                                                                      fi";
		};
		835C6D3F1D2D687100C877A0 /* ShellScript */ = {
			isa = PBXShellScriptBuildPhase;
			buildActionMask = 2147483647;
			files = (
			);
			inputPaths = (
			);
			outputPaths = (
			);
			runOnlyForDeploymentPostprocessing = 0;
			shellPath = /bin/sh;
			shellScript = "######################\n# Options\n######################\n\nREVEAL_ARCHIVE_IN_FINDER=true\n\nFRAMEWORK_NAME=\"${PRODUCT_NAME}\"\n\nSCHEME=\"NetworkingKit-tvOS\"\n\nSIMULATOR_LIBRARY_PATH=\"${BUILD_DIR}/${CONFIGURATION}-appletvsimulator/${FRAMEWORK_NAME}.framework\"\n\nDEVICE_LIBRARY_PATH=\"${BUILD_DIR}/${CONFIGURATION}-appletvos/${FRAMEWORK_NAME}.framework\"\n\nUNIVERSAL_LIBRARY_DIR=\"${BUILD_DIR}/${CONFIGURATION}-tvuniversal\"\n\nFRAMEWORK=\"${UNIVERSAL_LIBRARY_DIR}/${FRAMEWORK_NAME}.framework\"\n\n\n######################\n# Build Frameworks\n######################\n\nxcodebuild -project ${PROJECT_NAME}.xcodeproj -scheme ${SCHEME} -sdk appletvos -configuration ${CONFIGURATION} clean build CONFIGURATION_BUILD_DIR=${BUILD_DIR}/${CONFIGURATION}-appletvos 2>&1\n\nxcodebuild -project ${PROJECT_NAME}.xcodeproj -scheme ${SCHEME} -sdk appletvsimulator -configuration ${CONFIGURATION} clean build  -destination 'platform=tvOS Simulator,name=Apple TV 1080p,OS=latest' CONFIGURATION_BUILD_DIR=${BUILD_DIR}/${CONFIGURATION}-appletvsimulator 2>&1\n\n######################\n# Create directory for universal\n######################\n\nrm -rf \"${UNIVERSAL_LIBRARY_DIR}\"\n\nmkdir \"${UNIVERSAL_LIBRARY_DIR}\"\n\nmkdir \"${FRAMEWORK}\"\n\n\n######################\n# Copy files Framework\n######################\n\ncp -r \"${DEVICE_LIBRARY_PATH}/.\" \"${FRAMEWORK}\"\n\n\n######################\n# Make an universal binary\n######################\n\nlipo \"${SIMULATOR_LIBRARY_PATH}/${FRAMEWORK_NAME}\" \"${DEVICE_LIBRARY_PATH}/${FRAMEWORK_NAME}\" -create -output \"${FRAMEWORK}/${FRAMEWORK_NAME}\" | echo\n\n# For Swift framework, Swiftmodule needs to be copied in the universal framework\nif [ -d \"${SIMULATOR_LIBRARY_PATH}/Modules/${FRAMEWORK_NAME}.swiftmodule/\" ]; then\ncp -f ${SIMULATOR_LIBRARY_PATH}/Modules/${FRAMEWORK_NAME}.swiftmodule/* \"${FRAMEWORK}/Modules/${FRAMEWORK_NAME}.swiftmodule/\" | echo\n                                                                      fi\n                                                                      \n                                                                      if [ -d \"${DEVICE_LIBRARY_PATH}/Modules/${FRAMEWORK_NAME}.swiftmodule/\" ]; then\n                                                                      cp -f ${DEVICE_LIBRARY_PATH}/Modules/${FRAMEWORK_NAME}.swiftmodule/* \"${FRAMEWORK}/Modules/${FRAMEWORK_NAME}.swiftmodule/\" | echo\n                                                                      fi\n                                                                      \n                                                                      ######################\n                                                                      # On Release, copy the result to release directory\n                                                                      ######################\n                                                                      OUTPUT_DIR=\"${PROJECT_DIR}/Output/${FRAMEWORK_NAME}-${CONFIGURATION}-tvuniversal/\"\n                                                                      \n                                                                      rm -rf \"$OUTPUT_DIR\"\n                                                                      mkdir -p \"$OUTPUT_DIR\"\n                                                                      \n                                                                      cp -r \"${FRAMEWORK}\" \"$OUTPUT_DIR\"\n                                                                      \n                                                                      if [ ${REVEAL_ARCHIVE_IN_FINDER} = true ]; then\n                                                                      open \"${OUTPUT_DIR}/\"\n                                                                      fi";
		};
		835C6D401D2E47DA00C877A0 /* ShellScript */ = {
			isa = PBXShellScriptBuildPhase;
			buildActionMask = 2147483647;
			files = (
			);
			inputPaths = (
			);
			outputPaths = (
			);
			runOnlyForDeploymentPostprocessing = 0;
			shellPath = /bin/sh;
			shellScript = "######################\n# Options\n######################\n\nREVEAL_ARCHIVE_IN_FINDER=true\n\nFRAMEWORK_NAME=\"${PRODUCT_NAME}\"\n\nSCHEME=\"NetworkingKit-watchOS\"\n\nSIMULATOR_LIBRARY_PATH=\"${BUILD_DIR}/${CONFIGURATION}-watchsimulator/${FRAMEWORK_NAME}.framework\"\n\nDEVICE_LIBRARY_PATH=\"${BUILD_DIR}/${CONFIGURATION}-watchos/${FRAMEWORK_NAME}.framework\"\n\nUNIVERSAL_LIBRARY_DIR=\"${BUILD_DIR}/${CONFIGURATION}-watchuniversal\"\n\nFRAMEWORK=\"${UNIVERSAL_LIBRARY_DIR}/${FRAMEWORK_NAME}.framework\"\n\n\n######################\n# Build Frameworks\n######################\n\nxcodebuild -project ${PROJECT_NAME}.xcodeproj -scheme ${SCHEME} -sdk watchos -configuration ${CONFIGURATION} clean build CONFIGURATION_BUILD_DIR=${BUILD_DIR}/${CONFIGURATION}-watchos 2>&1\n\nxcodebuild -project ${PROJECT_NAME}.xcodeproj -scheme ${SCHEME} -sdk watchsimulator -configuration ${CONFIGURATION} clean build  -destination 'platform=watchOS Simulator,name=Apple Watch - 42mm' CONFIGURATION_BUILD_DIR=${BUILD_DIR}/${CONFIGURATION}-watchsimulator 2>&1\n\n######################\n# Create directory for universal\n######################\n\nrm -rf \"${UNIVERSAL_LIBRARY_DIR}\"\n\nmkdir \"${UNIVERSAL_LIBRARY_DIR}\"\n\nmkdir \"${FRAMEWORK}\"\n\n\n######################\n# Copy files Framework\n######################\n\ncp -r \"${DEVICE_LIBRARY_PATH}/.\" \"${FRAMEWORK}\"\n\n\n######################\n# Make an universal binary\n######################\n\nlipo \"${SIMULATOR_LIBRARY_PATH}/${FRAMEWORK_NAME}\" \"${DEVICE_LIBRARY_PATH}/${FRAMEWORK_NAME}\" -create -output \"${FRAMEWORK}/${FRAMEWORK_NAME}\" | echo\n\n# For Swift framework, Swiftmodule needs to be copied in the universal framework\nif [ -d \"${SIMULATOR_LIBRARY_PATH}/Modules/${FRAMEWORK_NAME}.swiftmodule/\" ]; then\ncp -f ${SIMULATOR_LIBRARY_PATH}/Modules/${FRAMEWORK_NAME}.swiftmodule/* \"${FRAMEWORK}/Modules/${FRAMEWORK_NAME}.swiftmodule/\" | echo\n                                                                      fi\n                                                                      \n                                                                      if [ -d \"${DEVICE_LIBRARY_PATH}/Modules/${FRAMEWORK_NAME}.swiftmodule/\" ]; then\n                                                                      cp -f ${DEVICE_LIBRARY_PATH}/Modules/${FRAMEWORK_NAME}.swiftmodule/* \"${FRAMEWORK}/Modules/${FRAMEWORK_NAME}.swiftmodule/\" | echo\n                                                                      fi\n                                                                      \n                                                                      ######################\n                                                                      # On Release, copy the result to release directory\n                                                                      ######################\n                                                                      OUTPUT_DIR=\"${PROJECT_DIR}/Output/${FRAMEWORK_NAME}-${CONFIGURATION}-watchuniversal/\"\n                                                                      \n                                                                      rm -rf \"$OUTPUT_DIR\"\n                                                                      mkdir -p \"$OUTPUT_DIR\"\n                                                                      \n                                                                      cp -r \"${FRAMEWORK}\" \"$OUTPUT_DIR\"\n                                                                      \n                                                                      if [ ${REVEAL_ARCHIVE_IN_FINDER} = true ]; then\n                                                                      open \"${OUTPUT_DIR}/\"\n                                                                      fi";
		};
/* End PBXShellScriptBuildPhase section */

/* Begin PBXSourcesBuildPhase section */
		835C6C911D2D4EA900C877A0 /* Sources */ = {
			isa = PBXSourcesBuildPhase;
			buildActionMask = 2147483647;
			files = (
				835C6CF21D2D576100C877A0 /* Reachability.m in Sources */,
				83F085451D6F3E3000992878 /* HttpClient.swift in Sources */,
				833F6ECC1D6C43DE00F3863C /* HttpResponseCodes.swift in Sources */,
				835C6CF01D2D576100C877A0 /* JSONValueExtractor.swift in Sources */,
				835C6CF31D2D576100C877A0 /* XMLParser.swift in Sources */,
				833F6E611D6B05A400F3863C /* RemoteImpl.swift in Sources */,
				833F6E571D6B00B500F3863C /* RequestAttributes.swift in Sources */,
				833F6E881D6B277B00F3863C /* ErrorDomain.swift in Sources */,
				833F6E801D6B274600F3863C /* RequestConfiguration.swift in Sources */,
				833F6E591D6B00B500F3863C /* RequestProtocol.swift in Sources */,
				833F6E631D6B05FF00F3863C /* Remote.swift in Sources */,
				833F6E811D6B274600F3863C /* RequestConfigurationHelper.swift in Sources */,
				833F6E581D6B00B500F3863C /* RequestMethod.swift in Sources */,
				833F6E8D1D6B2D0900F3863C /* ContentType.swift in Sources */,
				83F085441D6F3E3000992878 /* MultiPartFormData.swift in Sources */,
				833F6E891D6B277B00F3863C /* NetworkErrorTranslator.swift in Sources */,
				833F6E8B1D6B277B00F3863C /* ResponseQueue.swift in Sources */,
				83F085431D6F3E3000992878 /* FormDataConstants.swift in Sources */,
				833F6E8F1D6B2D2100F3863C /* RequestHeaders.swift in Sources */,
				833F6ECA1D6B636900F3863C /* UploadRequestConfiguration.swift in Sources */,
				833F6E8A1D6B277B00F3863C /* Response.swift in Sources */,
				83F085461D6F3E3000992878 /* HttpClientImpl.swift in Sources */,
			);
			runOnlyForDeploymentPostprocessing = 0;
		};
		835C6C9F1D2D4EC900C877A0 /* Sources */ = {
			isa = PBXSourcesBuildPhase;
			buildActionMask = 2147483647;
			files = (
				835C6D071D2D57BB00C877A0 /* XMLParser.swift in Sources */,
				835C6D061D2D57BB00C877A0 /* JSONValueExtractor.swift in Sources */,
			);
			runOnlyForDeploymentPostprocessing = 0;
		};
		835C6CAC1D2D4ED600C877A0 /* Sources */ = {
			isa = PBXSourcesBuildPhase;
			buildActionMask = 2147483647;
			files = (
				835C6D091D2D57BB00C877A0 /* XMLParser.swift in Sources */,
				835C6D081D2D57BB00C877A0 /* JSONValueExtractor.swift in Sources */,
				835C6D0D1D2D57C700C877A0 /* Reachability.m in Sources */,
			);
			runOnlyForDeploymentPostprocessing = 0;
		};
		83E43FAB1D2FDFFB004427CE /* Sources */ = {
			isa = PBXSourcesBuildPhase;
			buildActionMask = 2147483647;
			files = (
				83E43FC11D2FE0DD004427CE /* XMLParserTests.swift in Sources */,
				83E43FBA1D2FE0DD004427CE /* HttpProxyTests.swift in Sources */,
				83E43FBD1D2FE0DD004427CE /* RequestTests.swift in Sources */,
				83060FAE1D86BAED00079435 /* XMLParser.swift in Sources */,
				83E43FC01D2FE0DD004427CE /* JSONValueExtractorTests.swift in Sources */,
				83E43FBE1D2FE0DD004427CE /* ResponseQueueTests.swift in Sources */,
				83E43FBC1D2FE0DD004427CE /* RemoteTests.swift in Sources */,
				83E43FBF1D2FE0DD004427CE /* ResponseTests.swift in Sources */,
				83E43FBB1D2FE0DD004427CE /* NetworkErrorTranslatorTests.swift in Sources */,
			);
			runOnlyForDeploymentPostprocessing = 0;
		};
		83E43FC31D2FE32E004427CE /* Sources */ = {
			isa = PBXSourcesBuildPhase;
			buildActionMask = 2147483647;
			files = (
				83E43FDA1D2FE3BA004427CE /* XMLParserTests.swift in Sources */,
				83E43FD31D2FE3BA004427CE /* HttpProxyTests.swift in Sources */,
				83E43FD61D2FE3BA004427CE /* RequestTests.swift in Sources */,
				83E43FD91D2FE3BA004427CE /* JSONValueExtractorTests.swift in Sources */,
				83E43FD71D2FE3BA004427CE /* ResponseQueueTests.swift in Sources */,
				83E43FD51D2FE3BA004427CE /* RemoteTests.swift in Sources */,
				83E43FD81D2FE3BA004427CE /* ResponseTests.swift in Sources */,
				83E43FD41D2FE3BA004427CE /* NetworkErrorTranslatorTests.swift in Sources */,
			);
			runOnlyForDeploymentPostprocessing = 0;
		};
/* End PBXSourcesBuildPhase section */

/* Begin PBXTargetDependency section */
		83E43FB61D2FDFFB004427CE /* PBXTargetDependency */ = {
			isa = PBXTargetDependency;
			target = 835C6C951D2D4EA900C877A0 /* NetworkingKit-iOS */;
			targetProxy = 83E43FB51D2FDFFB004427CE /* PBXContainerItemProxy */;
		};
		83E43FCE1D2FE32E004427CE /* PBXTargetDependency */ = {
			isa = PBXTargetDependency;
			target = 835C6CB01D2D4ED600C877A0 /* NetworkingKit-tvOS */;
			targetProxy = 83E43FCD1D2FE32E004427CE /* PBXContainerItemProxy */;
		};
/* End PBXTargetDependency section */

/* Begin XCBuildConfiguration section */
		41B64C1F1E643D2F000FE6F5 /* DebugProd */ = {
			isa = XCBuildConfiguration;
			buildSettings = {
				CLANG_WARN_BOOL_CONVERSION = YES;
				CLANG_WARN_CONSTANT_CONVERSION = YES;
				CLANG_WARN_EMPTY_BODY = YES;
				CLANG_WARN_ENUM_CONVERSION = YES;
				CLANG_WARN_INFINITE_RECURSION = YES;
				CLANG_WARN_INT_CONVERSION = YES;
				CLANG_WARN_SUSPICIOUS_MOVE = YES;
				CLANG_WARN_UNREACHABLE_CODE = YES;
				CLANG_WARN__DUPLICATE_METHOD_MATCH = YES;
				ENABLE_STRICT_OBJC_MSGSEND = YES;
				ENABLE_TESTABILITY = YES;
				GCC_NO_COMMON_BLOCKS = YES;
				GCC_WARN_64_TO_32_BIT_CONVERSION = YES;
				GCC_WARN_ABOUT_RETURN_TYPE = YES;
				GCC_WARN_UNDECLARED_SELECTOR = YES;
				GCC_WARN_UNINITIALIZED_AUTOS = YES;
				GCC_WARN_UNUSED_FUNCTION = YES;
				GCC_WARN_UNUSED_VARIABLE = YES;
				ONLY_ACTIVE_ARCH = YES;
			};
			name = DebugProd;
		};
		41B64C201E643D2F000FE6F5 /* DebugProd */ = {
			isa = XCBuildConfiguration;
			baseConfigurationReference = 83E0E4731D2FB9DE00F0A61B /* iOSDebugConfig.xcconfig */;
			buildSettings = {
				ALWAYS_SEARCH_USER_PATHS = NO;
				APPLICATION_EXTENSION_API_ONLY = YES;
				CLANG_ANALYZER_NONNULL = YES;
				CLANG_CXX_LANGUAGE_STANDARD = "gnu++0x";
				CLANG_CXX_LIBRARY = "libc++";
				CLANG_ENABLE_MODULES = YES;
				CLANG_ENABLE_OBJC_ARC = YES;
				CLANG_WARN_BOOL_CONVERSION = YES;
				CLANG_WARN_CONSTANT_CONVERSION = YES;
				CLANG_WARN_DIRECT_OBJC_ISA_USAGE = YES_ERROR;
				CLANG_WARN_EMPTY_BODY = YES;
				CLANG_WARN_ENUM_CONVERSION = YES;
				CLANG_WARN_INT_CONVERSION = YES;
				CLANG_WARN_OBJC_ROOT_CLASS = YES_ERROR;
				CLANG_WARN_UNREACHABLE_CODE = YES;
				CLANG_WARN__DUPLICATE_METHOD_MATCH = YES;
				COPY_PHASE_STRIP = NO;
				CURRENT_PROJECT_VERSION = 1;
				DEBUG_INFORMATION_FORMAT = "dwarf-with-dsym";
				DEFINES_MODULE = YES;
				DYLIB_COMPATIBILITY_VERSION = 1;
				DYLIB_CURRENT_VERSION = 1;
				DYLIB_INSTALL_NAME_BASE = "@rpath";
				ENABLE_STRICT_OBJC_MSGSEND = YES;
				ENABLE_TESTABILITY = YES;
				FRAMEWORK_SEARCH_PATHS = (
					"$(inherited)",
					"$(PROJECT_DIR)/Sources/Vendor/watchOS/Core",
					"$(PROJECT_DIR)/Sources/Vendor/tvOS/Core",
				);
				GCC_C_LANGUAGE_STANDARD = gnu99;
				GCC_DYNAMIC_NO_PIC = NO;
				GCC_NO_COMMON_BLOCKS = YES;
				GCC_OPTIMIZATION_LEVEL = 0;
				GCC_PREPROCESSOR_DEFINITIONS = (
					"DEBUG=1",
					"$(inherited)",
				);
				GCC_WARN_64_TO_32_BIT_CONVERSION = YES;
				GCC_WARN_ABOUT_RETURN_TYPE = YES_ERROR;
				GCC_WARN_UNDECLARED_SELECTOR = YES;
				GCC_WARN_UNINITIALIZED_AUTOS = YES_AGGRESSIVE;
				GCC_WARN_UNUSED_FUNCTION = YES;
				GCC_WARN_UNUSED_VARIABLE = YES;
				INFOPLIST_FILE = "Sources/Info-iOS.plist";
				INSTALL_PATH = "$(LOCAL_LIBRARY_DIR)/Frameworks";
				IPHONEOS_DEPLOYMENT_TARGET = 8.4;
				MTL_ENABLE_DEBUG_INFO = YES;
				ONLY_ACTIVE_ARCH = YES;
				SKIP_INSTALL = YES;
				SWIFT_OPTIMIZATION_LEVEL = "-Onone";
				SWIFT_VERSION = 3.0;
				TARGETED_DEVICE_FAMILY = "1,2";
				VERSIONING_SYSTEM = "apple-generic";
				VERSION_INFO_PREFIX = "";
			};
			name = DebugProd;
		};
		41B64C211E643D2F000FE6F5 /* DebugProd */ = {
			isa = XCBuildConfiguration;
			baseConfigurationReference = 83E0E47B1D2FB9DE00F0A61B /* watchOSDebugConfig.xcconfig */;
			buildSettings = {
				ALWAYS_SEARCH_USER_PATHS = NO;
				APPLICATION_EXTENSION_API_ONLY = YES;
				CLANG_ANALYZER_NONNULL = YES;
				CLANG_CXX_LANGUAGE_STANDARD = "gnu++0x";
				CLANG_CXX_LIBRARY = "libc++";
				CLANG_ENABLE_MODULES = YES;
				CLANG_ENABLE_OBJC_ARC = YES;
				CLANG_WARN_BOOL_CONVERSION = YES;
				CLANG_WARN_CONSTANT_CONVERSION = YES;
				CLANG_WARN_DIRECT_OBJC_ISA_USAGE = YES_ERROR;
				CLANG_WARN_EMPTY_BODY = YES;
				CLANG_WARN_ENUM_CONVERSION = YES;
				CLANG_WARN_INT_CONVERSION = YES;
				CLANG_WARN_OBJC_ROOT_CLASS = YES_ERROR;
				CLANG_WARN_UNREACHABLE_CODE = YES;
				CLANG_WARN__DUPLICATE_METHOD_MATCH = YES;
				COPY_PHASE_STRIP = NO;
				CURRENT_PROJECT_VERSION = 1;
				DEBUG_INFORMATION_FORMAT = dwarf;
				DEFINES_MODULE = YES;
				DYLIB_COMPATIBILITY_VERSION = 1;
				DYLIB_CURRENT_VERSION = 1;
				DYLIB_INSTALL_NAME_BASE = "@rpath";
				ENABLE_STRICT_OBJC_MSGSEND = YES;
				ENABLE_TESTABILITY = YES;
				GCC_C_LANGUAGE_STANDARD = gnu99;
				GCC_DYNAMIC_NO_PIC = NO;
				GCC_NO_COMMON_BLOCKS = YES;
				GCC_OPTIMIZATION_LEVEL = 0;
				GCC_PREPROCESSOR_DEFINITIONS = (
					"DEBUG=1",
					"$(inherited)",
				);
				GCC_WARN_64_TO_32_BIT_CONVERSION = YES;
				GCC_WARN_ABOUT_RETURN_TYPE = YES_ERROR;
				GCC_WARN_UNDECLARED_SELECTOR = YES;
				GCC_WARN_UNINITIALIZED_AUTOS = YES_AGGRESSIVE;
				GCC_WARN_UNUSED_FUNCTION = YES;
				GCC_WARN_UNUSED_VARIABLE = YES;
				INFOPLIST_FILE = "Sources/Info-watchOS.plist";
				INSTALL_PATH = "$(LOCAL_LIBRARY_DIR)/Frameworks";
				MTL_ENABLE_DEBUG_INFO = YES;
				ONLY_ACTIVE_ARCH = YES;
				SKIP_INSTALL = YES;
				SWIFT_OPTIMIZATION_LEVEL = "-Onone";
				SWIFT_VERSION = 3.0;
				TARGETED_DEVICE_FAMILY = 4;
				VERSIONING_SYSTEM = "apple-generic";
				VERSION_INFO_PREFIX = "";
				WATCHOS_DEPLOYMENT_TARGET = 2.0;
			};
			name = DebugProd;
		};
		41B64C221E643D2F000FE6F5 /* DebugProd */ = {
			isa = XCBuildConfiguration;
			baseConfigurationReference = 83E0E4771D2FB9DE00F0A61B /* tvOSDebugConfig.xcconfig */;
			buildSettings = {
				ALWAYS_SEARCH_USER_PATHS = NO;
				APPLICATION_EXTENSION_API_ONLY = YES;
				CLANG_ANALYZER_NONNULL = YES;
				CLANG_CXX_LANGUAGE_STANDARD = "gnu++0x";
				CLANG_CXX_LIBRARY = "libc++";
				CLANG_ENABLE_MODULES = YES;
				CLANG_ENABLE_OBJC_ARC = YES;
				CLANG_WARN_BOOL_CONVERSION = YES;
				CLANG_WARN_CONSTANT_CONVERSION = YES;
				CLANG_WARN_DIRECT_OBJC_ISA_USAGE = YES_ERROR;
				CLANG_WARN_EMPTY_BODY = YES;
				CLANG_WARN_ENUM_CONVERSION = YES;
				CLANG_WARN_INT_CONVERSION = YES;
				CLANG_WARN_OBJC_ROOT_CLASS = YES_ERROR;
				CLANG_WARN_UNREACHABLE_CODE = YES;
				CLANG_WARN__DUPLICATE_METHOD_MATCH = YES;
				COPY_PHASE_STRIP = NO;
				CURRENT_PROJECT_VERSION = 1;
				DEBUG_INFORMATION_FORMAT = dwarf;
				DEFINES_MODULE = YES;
				DYLIB_COMPATIBILITY_VERSION = 1;
				DYLIB_CURRENT_VERSION = 1;
				DYLIB_INSTALL_NAME_BASE = "@rpath";
				ENABLE_STRICT_OBJC_MSGSEND = YES;
				ENABLE_TESTABILITY = YES;
				GCC_C_LANGUAGE_STANDARD = gnu99;
				GCC_DYNAMIC_NO_PIC = NO;
				GCC_NO_COMMON_BLOCKS = YES;
				GCC_OPTIMIZATION_LEVEL = 0;
				GCC_PREPROCESSOR_DEFINITIONS = (
					"DEBUG=1",
					"$(inherited)",
				);
				GCC_WARN_64_TO_32_BIT_CONVERSION = YES;
				GCC_WARN_ABOUT_RETURN_TYPE = YES_ERROR;
				GCC_WARN_UNDECLARED_SELECTOR = YES;
				GCC_WARN_UNINITIALIZED_AUTOS = YES_AGGRESSIVE;
				GCC_WARN_UNUSED_FUNCTION = YES;
				GCC_WARN_UNUSED_VARIABLE = YES;
				INFOPLIST_FILE = "Sources/Info-tvOS.plist";
				INSTALL_PATH = "$(LOCAL_LIBRARY_DIR)/Frameworks";
				MTL_ENABLE_DEBUG_INFO = YES;
				ONLY_ACTIVE_ARCH = YES;
				SKIP_INSTALL = YES;
				SWIFT_OPTIMIZATION_LEVEL = "-Onone";
				SWIFT_VERSION = 3.0;
				TARGETED_DEVICE_FAMILY = 3;
				TVOS_DEPLOYMENT_TARGET = 9.0;
				VERSIONING_SYSTEM = "apple-generic";
				VERSION_INFO_PREFIX = "";
			};
			name = DebugProd;
		};
		41B64C231E643D2F000FE6F5 /* DebugProd */ = {
			isa = XCBuildConfiguration;
			baseConfigurationReference = 836810391D378B48001EB153 /* iOSDebugBuildConfig.xcconfig */;
			buildSettings = {
				IPHONEOS_DEPLOYMENT_TARGET = 8.4;
				ONLY_ACTIVE_ARCH = YES;
				PRODUCT_NAME = NetworkingKit;
				SDKROOT = iphoneos;
			};
			name = DebugProd;
		};
		41B64C241E643D2F000FE6F5 /* DebugProd */ = {
			isa = XCBuildConfiguration;
			baseConfigurationReference = 836810401D378D9B001EB153 /* tvOSDebugBuildConfig.xcconfig */;
			buildSettings = {
				PRODUCT_NAME = NetworkingKit;
				SDKROOT = appletvos;
				TVOS_DEPLOYMENT_TARGET = 9.0;
			};
			name = DebugProd;
		};
		41B64C251E643D2F000FE6F5 /* DebugProd */ = {
			isa = XCBuildConfiguration;
			baseConfigurationReference = 836810481D378DA4001EB153 /* watchOSDebugBuildConfig.xcconfig */;
			buildSettings = {
				PRODUCT_NAME = NetworkingKit;
				SDKROOT = watchos;
				WATCHOS_DEPLOYMENT_TARGET = 2.0;
			};
			name = DebugProd;
		};
		41B64C261E643D2F000FE6F5 /* DebugProd */ = {
			isa = XCBuildConfiguration;
			baseConfigurationReference = 836810BA1D379D1A001EB153 /* iOSDebugTestConfig.xcconfig */;
			buildSettings = {
				ALWAYS_EMBED_SWIFT_STANDARD_LIBRARIES = YES;
				ALWAYS_SEARCH_USER_PATHS = NO;
				CLANG_ANALYZER_NONNULL = YES;
				CLANG_CXX_LANGUAGE_STANDARD = "gnu++0x";
				CLANG_CXX_LIBRARY = "libc++";
				CLANG_ENABLE_MODULES = YES;
				CLANG_ENABLE_OBJC_ARC = YES;
				CLANG_WARN_BOOL_CONVERSION = YES;
				CLANG_WARN_CONSTANT_CONVERSION = YES;
				CLANG_WARN_DIRECT_OBJC_ISA_USAGE = YES_ERROR;
				CLANG_WARN_EMPTY_BODY = YES;
				CLANG_WARN_ENUM_CONVERSION = YES;
				CLANG_WARN_INT_CONVERSION = YES;
				CLANG_WARN_OBJC_ROOT_CLASS = YES_ERROR;
				CLANG_WARN_UNREACHABLE_CODE = YES;
				CLANG_WARN__DUPLICATE_METHOD_MATCH = YES;
				COPY_PHASE_STRIP = NO;
				DEBUG_INFORMATION_FORMAT = dwarf;
				ENABLE_STRICT_OBJC_MSGSEND = YES;
				ENABLE_TESTABILITY = YES;
				GCC_C_LANGUAGE_STANDARD = gnu99;
				GCC_DYNAMIC_NO_PIC = NO;
				GCC_NO_COMMON_BLOCKS = YES;
				GCC_OPTIMIZATION_LEVEL = 0;
				GCC_PREPROCESSOR_DEFINITIONS = (
					"DEBUG=1",
					"$(inherited)",
				);
				GCC_WARN_64_TO_32_BIT_CONVERSION = YES;
				GCC_WARN_ABOUT_RETURN_TYPE = YES_ERROR;
				GCC_WARN_UNDECLARED_SELECTOR = YES;
				GCC_WARN_UNINITIALIZED_AUTOS = YES_AGGRESSIVE;
				GCC_WARN_UNUSED_FUNCTION = YES;
				GCC_WARN_UNUSED_VARIABLE = YES;
				INFOPLIST_FILE = "Unit Tests/iOS/Info-iOS.plist";
				IPHONEOS_DEPLOYMENT_TARGET = 8.4;
				MTL_ENABLE_DEBUG_INFO = YES;
				ONLY_ACTIVE_ARCH = YES;
				SDKROOT = iphoneos;
				SWIFT_OPTIMIZATION_LEVEL = "-Onone";
				SWIFT_VERSION = 3.0;
			};
			name = DebugProd;
		};
		41B64C271E643D2F000FE6F5 /* DebugProd */ = {
			isa = XCBuildConfiguration;
			baseConfigurationReference = 836810C01D379D20001EB153 /* tvOSDebugTestConfig.xcconfig */;
			buildSettings = {
				ALWAYS_SEARCH_USER_PATHS = NO;
				CLANG_ANALYZER_NONNULL = YES;
				CLANG_CXX_LANGUAGE_STANDARD = "gnu++0x";
				CLANG_CXX_LIBRARY = "libc++";
				CLANG_ENABLE_MODULES = YES;
				CLANG_ENABLE_OBJC_ARC = YES;
				CLANG_WARN_BOOL_CONVERSION = YES;
				CLANG_WARN_CONSTANT_CONVERSION = YES;
				CLANG_WARN_DIRECT_OBJC_ISA_USAGE = YES_ERROR;
				CLANG_WARN_EMPTY_BODY = YES;
				CLANG_WARN_ENUM_CONVERSION = YES;
				CLANG_WARN_INT_CONVERSION = YES;
				CLANG_WARN_OBJC_ROOT_CLASS = YES_ERROR;
				CLANG_WARN_UNREACHABLE_CODE = YES;
				CLANG_WARN__DUPLICATE_METHOD_MATCH = YES;
				COPY_PHASE_STRIP = NO;
				DEBUG_INFORMATION_FORMAT = dwarf;
				ENABLE_STRICT_OBJC_MSGSEND = YES;
				ENABLE_TESTABILITY = YES;
				GCC_C_LANGUAGE_STANDARD = gnu99;
				GCC_DYNAMIC_NO_PIC = NO;
				GCC_NO_COMMON_BLOCKS = YES;
				GCC_OPTIMIZATION_LEVEL = 0;
				GCC_PREPROCESSOR_DEFINITIONS = (
					"DEBUG=1",
					"$(inherited)",
				);
				GCC_WARN_64_TO_32_BIT_CONVERSION = YES;
				GCC_WARN_ABOUT_RETURN_TYPE = YES_ERROR;
				GCC_WARN_UNDECLARED_SELECTOR = YES;
				GCC_WARN_UNINITIALIZED_AUTOS = YES_AGGRESSIVE;
				GCC_WARN_UNUSED_FUNCTION = YES;
				GCC_WARN_UNUSED_VARIABLE = YES;
				INFOPLIST_FILE = "Unit Tests/tvOS/Info-tvOS.plist";
				MTL_ENABLE_DEBUG_INFO = YES;
				ONLY_ACTIVE_ARCH = YES;
				SDKROOT = appletvos;
				SWIFT_OPTIMIZATION_LEVEL = "-Onone";
				SWIFT_VERSION = 3.0;
				TVOS_DEPLOYMENT_TARGET = 9.0;
			};
			name = DebugProd;
		};
		835C6C8F1D2D4E2E00C877A0 /* Debug */ = {
			isa = XCBuildConfiguration;
			buildSettings = {
				CLANG_WARN_BOOL_CONVERSION = YES;
				CLANG_WARN_CONSTANT_CONVERSION = YES;
				CLANG_WARN_EMPTY_BODY = YES;
				CLANG_WARN_ENUM_CONVERSION = YES;
				CLANG_WARN_INFINITE_RECURSION = YES;
				CLANG_WARN_INT_CONVERSION = YES;
				CLANG_WARN_SUSPICIOUS_MOVE = YES;
				CLANG_WARN_UNREACHABLE_CODE = YES;
				CLANG_WARN__DUPLICATE_METHOD_MATCH = YES;
				ENABLE_STRICT_OBJC_MSGSEND = YES;
				ENABLE_TESTABILITY = YES;
				GCC_NO_COMMON_BLOCKS = YES;
				GCC_WARN_64_TO_32_BIT_CONVERSION = YES;
				GCC_WARN_ABOUT_RETURN_TYPE = YES;
				GCC_WARN_UNDECLARED_SELECTOR = YES;
				GCC_WARN_UNINITIALIZED_AUTOS = YES;
				GCC_WARN_UNUSED_FUNCTION = YES;
				GCC_WARN_UNUSED_VARIABLE = YES;
				ONLY_ACTIVE_ARCH = YES;
			};
			name = Debug;
		};
		835C6C901D2D4E2E00C877A0 /* Release */ = {
			isa = XCBuildConfiguration;
			buildSettings = {
				CLANG_WARN_BOOL_CONVERSION = YES;
				CLANG_WARN_CONSTANT_CONVERSION = YES;
				CLANG_WARN_EMPTY_BODY = YES;
				CLANG_WARN_ENUM_CONVERSION = YES;
				CLANG_WARN_INFINITE_RECURSION = YES;
				CLANG_WARN_INT_CONVERSION = YES;
				CLANG_WARN_SUSPICIOUS_MOVE = YES;
				CLANG_WARN_UNREACHABLE_CODE = YES;
				CLANG_WARN__DUPLICATE_METHOD_MATCH = YES;
				ENABLE_STRICT_OBJC_MSGSEND = YES;
				GCC_NO_COMMON_BLOCKS = YES;
				GCC_WARN_64_TO_32_BIT_CONVERSION = YES;
				GCC_WARN_ABOUT_RETURN_TYPE = YES;
				GCC_WARN_UNDECLARED_SELECTOR = YES;
				GCC_WARN_UNINITIALIZED_AUTOS = YES;
				GCC_WARN_UNUSED_FUNCTION = YES;
				GCC_WARN_UNUSED_VARIABLE = YES;
				SWIFT_OPTIMIZATION_LEVEL = "-Owholemodule";
			};
			name = Release;
		};
		835C6C9D1D2D4EA900C877A0 /* Debug */ = {
			isa = XCBuildConfiguration;
			baseConfigurationReference = 83E0E4731D2FB9DE00F0A61B /* iOSDebugConfig.xcconfig */;
			buildSettings = {
				ALWAYS_SEARCH_USER_PATHS = NO;
				APPLICATION_EXTENSION_API_ONLY = YES;
				CLANG_ANALYZER_NONNULL = YES;
				CLANG_CXX_LANGUAGE_STANDARD = "gnu++0x";
				CLANG_CXX_LIBRARY = "libc++";
				CLANG_ENABLE_MODULES = YES;
				CLANG_ENABLE_OBJC_ARC = YES;
				CLANG_WARN_BOOL_CONVERSION = YES;
				CLANG_WARN_CONSTANT_CONVERSION = YES;
				CLANG_WARN_DIRECT_OBJC_ISA_USAGE = YES_ERROR;
				CLANG_WARN_EMPTY_BODY = YES;
				CLANG_WARN_ENUM_CONVERSION = YES;
				CLANG_WARN_INT_CONVERSION = YES;
				CLANG_WARN_OBJC_ROOT_CLASS = YES_ERROR;
				CLANG_WARN_UNREACHABLE_CODE = YES;
				CLANG_WARN__DUPLICATE_METHOD_MATCH = YES;
				COPY_PHASE_STRIP = NO;
				CURRENT_PROJECT_VERSION = 1;
				DEBUG_INFORMATION_FORMAT = dwarf;
				DEFINES_MODULE = YES;
				DYLIB_COMPATIBILITY_VERSION = 1;
				DYLIB_CURRENT_VERSION = 1;
				DYLIB_INSTALL_NAME_BASE = "@rpath";
				ENABLE_STRICT_OBJC_MSGSEND = YES;
				ENABLE_TESTABILITY = YES;
				FRAMEWORK_SEARCH_PATHS = (
					"$(inherited)",
					"$(PROJECT_DIR)/Sources/Vendor/watchOS/Core",
					"$(PROJECT_DIR)/Sources/Vendor/tvOS/Core",
				);
				GCC_C_LANGUAGE_STANDARD = gnu99;
				GCC_DYNAMIC_NO_PIC = NO;
				GCC_NO_COMMON_BLOCKS = YES;
				GCC_OPTIMIZATION_LEVEL = 0;
				GCC_PREPROCESSOR_DEFINITIONS = (
					"DEBUG=1",
					"$(inherited)",
				);
				GCC_WARN_64_TO_32_BIT_CONVERSION = YES;
				GCC_WARN_ABOUT_RETURN_TYPE = YES_ERROR;
				GCC_WARN_UNDECLARED_SELECTOR = YES;
				GCC_WARN_UNINITIALIZED_AUTOS = YES_AGGRESSIVE;
				GCC_WARN_UNUSED_FUNCTION = YES;
				GCC_WARN_UNUSED_VARIABLE = YES;
				INFOPLIST_FILE = "Sources/Info-iOS.plist";
				INSTALL_PATH = "$(LOCAL_LIBRARY_DIR)/Frameworks";
				IPHONEOS_DEPLOYMENT_TARGET = 8.4;
				MTL_ENABLE_DEBUG_INFO = YES;
				ONLY_ACTIVE_ARCH = YES;
				SKIP_INSTALL = YES;
				SWIFT_OPTIMIZATION_LEVEL = "-Onone";
				SWIFT_VERSION = 3.0;
				TARGETED_DEVICE_FAMILY = "1,2";
				VERSIONING_SYSTEM = "apple-generic";
				VERSION_INFO_PREFIX = "";
			};
			name = Debug;
		};
		835C6C9E1D2D4EA900C877A0 /* Release */ = {
			isa = XCBuildConfiguration;
			baseConfigurationReference = 83E0E4741D2FB9DE00F0A61B /* iOSReleaseConfig.xcconfig */;
			buildSettings = {
				ALWAYS_SEARCH_USER_PATHS = NO;
				APPLICATION_EXTENSION_API_ONLY = YES;
				CLANG_ANALYZER_NONNULL = YES;
				CLANG_CXX_LANGUAGE_STANDARD = "gnu++0x";
				CLANG_CXX_LIBRARY = "libc++";
				CLANG_ENABLE_MODULES = YES;
				CLANG_ENABLE_OBJC_ARC = YES;
				CLANG_WARN_BOOL_CONVERSION = YES;
				CLANG_WARN_CONSTANT_CONVERSION = YES;
				CLANG_WARN_DIRECT_OBJC_ISA_USAGE = YES_ERROR;
				CLANG_WARN_EMPTY_BODY = YES;
				CLANG_WARN_ENUM_CONVERSION = YES;
				CLANG_WARN_INT_CONVERSION = YES;
				CLANG_WARN_OBJC_ROOT_CLASS = YES_ERROR;
				CLANG_WARN_UNREACHABLE_CODE = YES;
				CLANG_WARN__DUPLICATE_METHOD_MATCH = YES;
				COPY_PHASE_STRIP = NO;
				CURRENT_PROJECT_VERSION = 1;
				DEBUG_INFORMATION_FORMAT = "dwarf-with-dsym";
				DEFINES_MODULE = YES;
				DYLIB_COMPATIBILITY_VERSION = 1;
				DYLIB_CURRENT_VERSION = 1;
				DYLIB_INSTALL_NAME_BASE = "@rpath";
				ENABLE_NS_ASSERTIONS = NO;
				ENABLE_STRICT_OBJC_MSGSEND = YES;
				FRAMEWORK_SEARCH_PATHS = (
					"$(inherited)",
					"$(PROJECT_DIR)/Sources/Vendor/watchOS/Core",
					"$(PROJECT_DIR)/Sources/Vendor/tvOS/Core",
				);
				GCC_C_LANGUAGE_STANDARD = gnu99;
				GCC_NO_COMMON_BLOCKS = YES;
				GCC_WARN_64_TO_32_BIT_CONVERSION = YES;
				GCC_WARN_ABOUT_RETURN_TYPE = YES_ERROR;
				GCC_WARN_UNDECLARED_SELECTOR = YES;
				GCC_WARN_UNINITIALIZED_AUTOS = YES_AGGRESSIVE;
				GCC_WARN_UNUSED_FUNCTION = YES;
				GCC_WARN_UNUSED_VARIABLE = YES;
				INFOPLIST_FILE = "Sources/Info-iOS.plist";
				INSTALL_PATH = "$(LOCAL_LIBRARY_DIR)/Frameworks";
				IPHONEOS_DEPLOYMENT_TARGET = 8.4;
				MTL_ENABLE_DEBUG_INFO = NO;
				SKIP_INSTALL = YES;
				SWIFT_VERSION = 3.0;
				TARGETED_DEVICE_FAMILY = "1,2";
				VALIDATE_PRODUCT = YES;
				VERSIONING_SYSTEM = "apple-generic";
				VERSION_INFO_PREFIX = "";
			};
			name = Release;
		};
		835C6CAA1D2D4EC900C877A0 /* Debug */ = {
			isa = XCBuildConfiguration;
			baseConfigurationReference = 83E0E47B1D2FB9DE00F0A61B /* watchOSDebugConfig.xcconfig */;
			buildSettings = {
				ALWAYS_SEARCH_USER_PATHS = NO;
				APPLICATION_EXTENSION_API_ONLY = YES;
				CLANG_ANALYZER_NONNULL = YES;
				CLANG_CXX_LANGUAGE_STANDARD = "gnu++0x";
				CLANG_CXX_LIBRARY = "libc++";
				CLANG_ENABLE_MODULES = YES;
				CLANG_ENABLE_OBJC_ARC = YES;
				CLANG_WARN_BOOL_CONVERSION = YES;
				CLANG_WARN_CONSTANT_CONVERSION = YES;
				CLANG_WARN_DIRECT_OBJC_ISA_USAGE = YES_ERROR;
				CLANG_WARN_EMPTY_BODY = YES;
				CLANG_WARN_ENUM_CONVERSION = YES;
				CLANG_WARN_INT_CONVERSION = YES;
				CLANG_WARN_OBJC_ROOT_CLASS = YES_ERROR;
				CLANG_WARN_UNREACHABLE_CODE = YES;
				CLANG_WARN__DUPLICATE_METHOD_MATCH = YES;
				COPY_PHASE_STRIP = NO;
				CURRENT_PROJECT_VERSION = 1;
				DEBUG_INFORMATION_FORMAT = dwarf;
				DEFINES_MODULE = YES;
				DYLIB_COMPATIBILITY_VERSION = 1;
				DYLIB_CURRENT_VERSION = 1;
				DYLIB_INSTALL_NAME_BASE = "@rpath";
				ENABLE_STRICT_OBJC_MSGSEND = YES;
				ENABLE_TESTABILITY = YES;
				GCC_C_LANGUAGE_STANDARD = gnu99;
				GCC_DYNAMIC_NO_PIC = NO;
				GCC_NO_COMMON_BLOCKS = YES;
				GCC_OPTIMIZATION_LEVEL = 0;
				GCC_PREPROCESSOR_DEFINITIONS = (
					"DEBUG=1",
					"$(inherited)",
				);
				GCC_WARN_64_TO_32_BIT_CONVERSION = YES;
				GCC_WARN_ABOUT_RETURN_TYPE = YES_ERROR;
				GCC_WARN_UNDECLARED_SELECTOR = YES;
				GCC_WARN_UNINITIALIZED_AUTOS = YES_AGGRESSIVE;
				GCC_WARN_UNUSED_FUNCTION = YES;
				GCC_WARN_UNUSED_VARIABLE = YES;
				INFOPLIST_FILE = "Sources/Info-watchOS.plist";
				INSTALL_PATH = "$(LOCAL_LIBRARY_DIR)/Frameworks";
				MTL_ENABLE_DEBUG_INFO = YES;
				ONLY_ACTIVE_ARCH = YES;
				SKIP_INSTALL = YES;
				SWIFT_OPTIMIZATION_LEVEL = "-Onone";
				SWIFT_VERSION = 3.0;
				TARGETED_DEVICE_FAMILY = 4;
				VERSIONING_SYSTEM = "apple-generic";
				VERSION_INFO_PREFIX = "";
				WATCHOS_DEPLOYMENT_TARGET = 2.0;
			};
			name = Debug;
		};
		835C6CAB1D2D4EC900C877A0 /* Release */ = {
			isa = XCBuildConfiguration;
			baseConfigurationReference = 83E0E47C1D2FB9DE00F0A61B /* watchOSReleaseConfig.xcconfig */;
			buildSettings = {
				ALWAYS_SEARCH_USER_PATHS = NO;
				APPLICATION_EXTENSION_API_ONLY = YES;
				CLANG_ANALYZER_NONNULL = YES;
				CLANG_CXX_LANGUAGE_STANDARD = "gnu++0x";
				CLANG_CXX_LIBRARY = "libc++";
				CLANG_ENABLE_MODULES = YES;
				CLANG_ENABLE_OBJC_ARC = YES;
				CLANG_WARN_BOOL_CONVERSION = YES;
				CLANG_WARN_CONSTANT_CONVERSION = YES;
				CLANG_WARN_DIRECT_OBJC_ISA_USAGE = YES_ERROR;
				CLANG_WARN_EMPTY_BODY = YES;
				CLANG_WARN_ENUM_CONVERSION = YES;
				CLANG_WARN_INT_CONVERSION = YES;
				CLANG_WARN_OBJC_ROOT_CLASS = YES_ERROR;
				CLANG_WARN_UNREACHABLE_CODE = YES;
				CLANG_WARN__DUPLICATE_METHOD_MATCH = YES;
				COPY_PHASE_STRIP = NO;
				CURRENT_PROJECT_VERSION = 1;
				DEBUG_INFORMATION_FORMAT = "dwarf-with-dsym";
				DEFINES_MODULE = YES;
				DYLIB_COMPATIBILITY_VERSION = 1;
				DYLIB_CURRENT_VERSION = 1;
				DYLIB_INSTALL_NAME_BASE = "@rpath";
				ENABLE_NS_ASSERTIONS = NO;
				ENABLE_STRICT_OBJC_MSGSEND = YES;
				GCC_C_LANGUAGE_STANDARD = gnu99;
				GCC_NO_COMMON_BLOCKS = YES;
				GCC_WARN_64_TO_32_BIT_CONVERSION = YES;
				GCC_WARN_ABOUT_RETURN_TYPE = YES_ERROR;
				GCC_WARN_UNDECLARED_SELECTOR = YES;
				GCC_WARN_UNINITIALIZED_AUTOS = YES_AGGRESSIVE;
				GCC_WARN_UNUSED_FUNCTION = YES;
				GCC_WARN_UNUSED_VARIABLE = YES;
				INFOPLIST_FILE = "Sources/Info-watchOS.plist";
				INSTALL_PATH = "$(LOCAL_LIBRARY_DIR)/Frameworks";
				MTL_ENABLE_DEBUG_INFO = NO;
				SKIP_INSTALL = YES;
				SWIFT_VERSION = 3.0;
				TARGETED_DEVICE_FAMILY = 4;
				VALIDATE_PRODUCT = YES;
				VERSIONING_SYSTEM = "apple-generic";
				VERSION_INFO_PREFIX = "";
				WATCHOS_DEPLOYMENT_TARGET = 2.0;
			};
			name = Release;
		};
		835C6CB71D2D4ED600C877A0 /* Debug */ = {
			isa = XCBuildConfiguration;
			baseConfigurationReference = 83E0E4771D2FB9DE00F0A61B /* tvOSDebugConfig.xcconfig */;
			buildSettings = {
				ALWAYS_SEARCH_USER_PATHS = NO;
				APPLICATION_EXTENSION_API_ONLY = YES;
				CLANG_ANALYZER_NONNULL = YES;
				CLANG_CXX_LANGUAGE_STANDARD = "gnu++0x";
				CLANG_CXX_LIBRARY = "libc++";
				CLANG_ENABLE_MODULES = YES;
				CLANG_ENABLE_OBJC_ARC = YES;
				CLANG_WARN_BOOL_CONVERSION = YES;
				CLANG_WARN_CONSTANT_CONVERSION = YES;
				CLANG_WARN_DIRECT_OBJC_ISA_USAGE = YES_ERROR;
				CLANG_WARN_EMPTY_BODY = YES;
				CLANG_WARN_ENUM_CONVERSION = YES;
				CLANG_WARN_INT_CONVERSION = YES;
				CLANG_WARN_OBJC_ROOT_CLASS = YES_ERROR;
				CLANG_WARN_UNREACHABLE_CODE = YES;
				CLANG_WARN__DUPLICATE_METHOD_MATCH = YES;
				COPY_PHASE_STRIP = NO;
				CURRENT_PROJECT_VERSION = 1;
				DEBUG_INFORMATION_FORMAT = dwarf;
				DEFINES_MODULE = YES;
				DYLIB_COMPATIBILITY_VERSION = 1;
				DYLIB_CURRENT_VERSION = 1;
				DYLIB_INSTALL_NAME_BASE = "@rpath";
				ENABLE_STRICT_OBJC_MSGSEND = YES;
				ENABLE_TESTABILITY = YES;
				GCC_C_LANGUAGE_STANDARD = gnu99;
				GCC_DYNAMIC_NO_PIC = NO;
				GCC_NO_COMMON_BLOCKS = YES;
				GCC_OPTIMIZATION_LEVEL = 0;
				GCC_PREPROCESSOR_DEFINITIONS = (
					"DEBUG=1",
					"$(inherited)",
				);
				GCC_WARN_64_TO_32_BIT_CONVERSION = YES;
				GCC_WARN_ABOUT_RETURN_TYPE = YES_ERROR;
				GCC_WARN_UNDECLARED_SELECTOR = YES;
				GCC_WARN_UNINITIALIZED_AUTOS = YES_AGGRESSIVE;
				GCC_WARN_UNUSED_FUNCTION = YES;
				GCC_WARN_UNUSED_VARIABLE = YES;
				INFOPLIST_FILE = "Sources/Info-tvOS.plist";
				INSTALL_PATH = "$(LOCAL_LIBRARY_DIR)/Frameworks";
				MTL_ENABLE_DEBUG_INFO = YES;
				ONLY_ACTIVE_ARCH = YES;
				SKIP_INSTALL = YES;
				SWIFT_OPTIMIZATION_LEVEL = "-Onone";
				SWIFT_VERSION = 3.0;
				TARGETED_DEVICE_FAMILY = 3;
				TVOS_DEPLOYMENT_TARGET = 9.0;
				VERSIONING_SYSTEM = "apple-generic";
				VERSION_INFO_PREFIX = "";
			};
			name = Debug;
		};
		835C6CB81D2D4ED600C877A0 /* Release */ = {
			isa = XCBuildConfiguration;
			baseConfigurationReference = 83E0E4781D2FB9DE00F0A61B /* tvOSReleaseConfig.xcconfig */;
			buildSettings = {
				ALWAYS_SEARCH_USER_PATHS = NO;
				APPLICATION_EXTENSION_API_ONLY = YES;
				CLANG_ANALYZER_NONNULL = YES;
				CLANG_CXX_LANGUAGE_STANDARD = "gnu++0x";
				CLANG_CXX_LIBRARY = "libc++";
				CLANG_ENABLE_MODULES = YES;
				CLANG_ENABLE_OBJC_ARC = YES;
				CLANG_WARN_BOOL_CONVERSION = YES;
				CLANG_WARN_CONSTANT_CONVERSION = YES;
				CLANG_WARN_DIRECT_OBJC_ISA_USAGE = YES_ERROR;
				CLANG_WARN_EMPTY_BODY = YES;
				CLANG_WARN_ENUM_CONVERSION = YES;
				CLANG_WARN_INT_CONVERSION = YES;
				CLANG_WARN_OBJC_ROOT_CLASS = YES_ERROR;
				CLANG_WARN_UNREACHABLE_CODE = YES;
				CLANG_WARN__DUPLICATE_METHOD_MATCH = YES;
				COPY_PHASE_STRIP = NO;
				CURRENT_PROJECT_VERSION = 1;
				DEBUG_INFORMATION_FORMAT = "dwarf-with-dsym";
				DEFINES_MODULE = YES;
				DYLIB_COMPATIBILITY_VERSION = 1;
				DYLIB_CURRENT_VERSION = 1;
				DYLIB_INSTALL_NAME_BASE = "@rpath";
				ENABLE_NS_ASSERTIONS = NO;
				ENABLE_STRICT_OBJC_MSGSEND = YES;
				GCC_C_LANGUAGE_STANDARD = gnu99;
				GCC_NO_COMMON_BLOCKS = YES;
				GCC_WARN_64_TO_32_BIT_CONVERSION = YES;
				GCC_WARN_ABOUT_RETURN_TYPE = YES_ERROR;
				GCC_WARN_UNDECLARED_SELECTOR = YES;
				GCC_WARN_UNINITIALIZED_AUTOS = YES_AGGRESSIVE;
				GCC_WARN_UNUSED_FUNCTION = YES;
				GCC_WARN_UNUSED_VARIABLE = YES;
				INFOPLIST_FILE = "Sources/Info-tvOS.plist";
				INSTALL_PATH = "$(LOCAL_LIBRARY_DIR)/Frameworks";
				MTL_ENABLE_DEBUG_INFO = NO;
				SKIP_INSTALL = YES;
				SWIFT_VERSION = 3.0;
				TARGETED_DEVICE_FAMILY = 3;
				TVOS_DEPLOYMENT_TARGET = 9.0;
				VALIDATE_PRODUCT = YES;
				VERSIONING_SYSTEM = "apple-generic";
				VERSION_INFO_PREFIX = "";
			};
			name = Release;
		};
		835C6D301D2D670E00C877A0 /* Debug */ = {
			isa = XCBuildConfiguration;
			baseConfigurationReference = 836810391D378B48001EB153 /* iOSDebugBuildConfig.xcconfig */;
			buildSettings = {
				IPHONEOS_DEPLOYMENT_TARGET = 8.4;
				ONLY_ACTIVE_ARCH = YES;
				PRODUCT_NAME = NetworkingKit;
				SDKROOT = iphoneos;
			};
			name = Debug;
		};
		835C6D311D2D670E00C877A0 /* Release */ = {
			isa = XCBuildConfiguration;
			baseConfigurationReference = 8368103A1D378B48001EB153 /* iOSReleaseBuildConfig.xcconfig */;
			buildSettings = {
				IPHONEOS_DEPLOYMENT_TARGET = 8.4;
				PRODUCT_NAME = NetworkingKit;
				SDKROOT = iphoneos;
			};
			name = Release;
		};
		835C6D341D2D676700C877A0 /* Debug */ = {
			isa = XCBuildConfiguration;
			baseConfigurationReference = 836810401D378D9B001EB153 /* tvOSDebugBuildConfig.xcconfig */;
			buildSettings = {
				PRODUCT_NAME = NetworkingKit;
				SDKROOT = appletvos;
				TVOS_DEPLOYMENT_TARGET = 9.0;
			};
			name = Debug;
		};
		835C6D351D2D676700C877A0 /* Release */ = {
			isa = XCBuildConfiguration;
			baseConfigurationReference = 836810411D378D9B001EB153 /* tvOSReleaseBuildConfig.xcconfig */;
			buildSettings = {
				PRODUCT_NAME = NetworkingKit;
				SDKROOT = appletvos;
				TVOS_DEPLOYMENT_TARGET = 9.0;
			};
			name = Release;
		};
		835C6D3C1D2D67A500C877A0 /* Debug */ = {
			isa = XCBuildConfiguration;
			baseConfigurationReference = 836810481D378DA4001EB153 /* watchOSDebugBuildConfig.xcconfig */;
			buildSettings = {
				PRODUCT_NAME = NetworkingKit;
				SDKROOT = watchos;
				WATCHOS_DEPLOYMENT_TARGET = 2.0;
			};
			name = Debug;
		};
		835C6D3D1D2D67A500C877A0 /* Release */ = {
			isa = XCBuildConfiguration;
			baseConfigurationReference = 836810491D378DA4001EB153 /* watchOSReleaseBuildConfig.xcconfig */;
			buildSettings = {
				PRODUCT_NAME = NetworkingKit;
				SDKROOT = watchos;
				WATCHOS_DEPLOYMENT_TARGET = 2.0;
			};
			name = Release;
		};
		83E43FB81D2FDFFB004427CE /* Debug */ = {
			isa = XCBuildConfiguration;
			baseConfigurationReference = 836810BA1D379D1A001EB153 /* iOSDebugTestConfig.xcconfig */;
			buildSettings = {
				ALWAYS_EMBED_SWIFT_STANDARD_LIBRARIES = YES;
				ALWAYS_SEARCH_USER_PATHS = NO;
				CLANG_ANALYZER_NONNULL = YES;
				CLANG_CXX_LANGUAGE_STANDARD = "gnu++0x";
				CLANG_CXX_LIBRARY = "libc++";
				CLANG_ENABLE_MODULES = YES;
				CLANG_ENABLE_OBJC_ARC = YES;
				CLANG_WARN_BOOL_CONVERSION = YES;
				CLANG_WARN_CONSTANT_CONVERSION = YES;
				CLANG_WARN_DIRECT_OBJC_ISA_USAGE = YES_ERROR;
				CLANG_WARN_EMPTY_BODY = YES;
				CLANG_WARN_ENUM_CONVERSION = YES;
				CLANG_WARN_INT_CONVERSION = YES;
				CLANG_WARN_OBJC_ROOT_CLASS = YES_ERROR;
				CLANG_WARN_UNREACHABLE_CODE = YES;
				CLANG_WARN__DUPLICATE_METHOD_MATCH = YES;
				COPY_PHASE_STRIP = NO;
				DEBUG_INFORMATION_FORMAT = dwarf;
				ENABLE_STRICT_OBJC_MSGSEND = YES;
				ENABLE_TESTABILITY = YES;
				GCC_C_LANGUAGE_STANDARD = gnu99;
				GCC_DYNAMIC_NO_PIC = NO;
				GCC_NO_COMMON_BLOCKS = YES;
				GCC_OPTIMIZATION_LEVEL = 0;
				GCC_PREPROCESSOR_DEFINITIONS = (
					"DEBUG=1",
					"$(inherited)",
				);
				GCC_WARN_64_TO_32_BIT_CONVERSION = YES;
				GCC_WARN_ABOUT_RETURN_TYPE = YES_ERROR;
				GCC_WARN_UNDECLARED_SELECTOR = YES;
				GCC_WARN_UNINITIALIZED_AUTOS = YES_AGGRESSIVE;
				GCC_WARN_UNUSED_FUNCTION = YES;
				GCC_WARN_UNUSED_VARIABLE = YES;
				INFOPLIST_FILE = "Unit Tests/iOS/Info-iOS.plist";
				IPHONEOS_DEPLOYMENT_TARGET = 8.4;
				MTL_ENABLE_DEBUG_INFO = YES;
				ONLY_ACTIVE_ARCH = YES;
				SDKROOT = iphoneos;
				SWIFT_OPTIMIZATION_LEVEL = "-Onone";
				SWIFT_VERSION = 3.0;
			};
			name = Debug;
		};
		83E43FB91D2FDFFB004427CE /* Release */ = {
			isa = XCBuildConfiguration;
			baseConfigurationReference = 836810BB1D379D1A001EB153 /* iOSReleaseTestConfig.xcconfig */;
			buildSettings = {
				ALWAYS_EMBED_SWIFT_STANDARD_LIBRARIES = YES;
				ALWAYS_SEARCH_USER_PATHS = NO;
				CLANG_ANALYZER_NONNULL = YES;
				CLANG_CXX_LANGUAGE_STANDARD = "gnu++0x";
				CLANG_CXX_LIBRARY = "libc++";
				CLANG_ENABLE_MODULES = YES;
				CLANG_ENABLE_OBJC_ARC = YES;
				CLANG_WARN_BOOL_CONVERSION = YES;
				CLANG_WARN_CONSTANT_CONVERSION = YES;
				CLANG_WARN_DIRECT_OBJC_ISA_USAGE = YES_ERROR;
				CLANG_WARN_EMPTY_BODY = YES;
				CLANG_WARN_ENUM_CONVERSION = YES;
				CLANG_WARN_INT_CONVERSION = YES;
				CLANG_WARN_OBJC_ROOT_CLASS = YES_ERROR;
				CLANG_WARN_UNREACHABLE_CODE = YES;
				CLANG_WARN__DUPLICATE_METHOD_MATCH = YES;
				COPY_PHASE_STRIP = NO;
				DEBUG_INFORMATION_FORMAT = "dwarf-with-dsym";
				ENABLE_NS_ASSERTIONS = NO;
				ENABLE_STRICT_OBJC_MSGSEND = YES;
				GCC_C_LANGUAGE_STANDARD = gnu99;
				GCC_NO_COMMON_BLOCKS = YES;
				GCC_WARN_64_TO_32_BIT_CONVERSION = YES;
				GCC_WARN_ABOUT_RETURN_TYPE = YES_ERROR;
				GCC_WARN_UNDECLARED_SELECTOR = YES;
				GCC_WARN_UNINITIALIZED_AUTOS = YES_AGGRESSIVE;
				GCC_WARN_UNUSED_FUNCTION = YES;
				GCC_WARN_UNUSED_VARIABLE = YES;
				INFOPLIST_FILE = "Unit Tests/iOS/Info-iOS.plist";
				IPHONEOS_DEPLOYMENT_TARGET = 8.4;
				MTL_ENABLE_DEBUG_INFO = NO;
				SDKROOT = iphoneos;
				SWIFT_VERSION = 3.0;
				VALIDATE_PRODUCT = YES;
			};
			name = Release;
		};
		83E43FD01D2FE32E004427CE /* Debug */ = {
			isa = XCBuildConfiguration;
			baseConfigurationReference = 836810C01D379D20001EB153 /* tvOSDebugTestConfig.xcconfig */;
			buildSettings = {
				ALWAYS_SEARCH_USER_PATHS = NO;
				CLANG_ANALYZER_NONNULL = YES;
				CLANG_CXX_LANGUAGE_STANDARD = "gnu++0x";
				CLANG_CXX_LIBRARY = "libc++";
				CLANG_ENABLE_MODULES = YES;
				CLANG_ENABLE_OBJC_ARC = YES;
				CLANG_WARN_BOOL_CONVERSION = YES;
				CLANG_WARN_CONSTANT_CONVERSION = YES;
				CLANG_WARN_DIRECT_OBJC_ISA_USAGE = YES_ERROR;
				CLANG_WARN_EMPTY_BODY = YES;
				CLANG_WARN_ENUM_CONVERSION = YES;
				CLANG_WARN_INT_CONVERSION = YES;
				CLANG_WARN_OBJC_ROOT_CLASS = YES_ERROR;
				CLANG_WARN_UNREACHABLE_CODE = YES;
				CLANG_WARN__DUPLICATE_METHOD_MATCH = YES;
				COPY_PHASE_STRIP = NO;
				DEBUG_INFORMATION_FORMAT = dwarf;
				ENABLE_STRICT_OBJC_MSGSEND = YES;
				ENABLE_TESTABILITY = YES;
				GCC_C_LANGUAGE_STANDARD = gnu99;
				GCC_DYNAMIC_NO_PIC = NO;
				GCC_NO_COMMON_BLOCKS = YES;
				GCC_OPTIMIZATION_LEVEL = 0;
				GCC_PREPROCESSOR_DEFINITIONS = (
					"DEBUG=1",
					"$(inherited)",
				);
				GCC_WARN_64_TO_32_BIT_CONVERSION = YES;
				GCC_WARN_ABOUT_RETURN_TYPE = YES_ERROR;
				GCC_WARN_UNDECLARED_SELECTOR = YES;
				GCC_WARN_UNINITIALIZED_AUTOS = YES_AGGRESSIVE;
				GCC_WARN_UNUSED_FUNCTION = YES;
				GCC_WARN_UNUSED_VARIABLE = YES;
				INFOPLIST_FILE = "Unit Tests/tvOS/Info-tvOS.plist";
				MTL_ENABLE_DEBUG_INFO = YES;
				ONLY_ACTIVE_ARCH = YES;
				SDKROOT = appletvos;
				SWIFT_OPTIMIZATION_LEVEL = "-Onone";
				SWIFT_VERSION = 3.0;
				TVOS_DEPLOYMENT_TARGET = 9.0;
			};
			name = Debug;
		};
		83E43FD11D2FE32E004427CE /* Release */ = {
			isa = XCBuildConfiguration;
			baseConfigurationReference = 836810C11D379D20001EB153 /* tvOSReleaseTestConfig.xcconfig */;
			buildSettings = {
				ALWAYS_SEARCH_USER_PATHS = NO;
				CLANG_ANALYZER_NONNULL = YES;
				CLANG_CXX_LANGUAGE_STANDARD = "gnu++0x";
				CLANG_CXX_LIBRARY = "libc++";
				CLANG_ENABLE_MODULES = YES;
				CLANG_ENABLE_OBJC_ARC = YES;
				CLANG_WARN_BOOL_CONVERSION = YES;
				CLANG_WARN_CONSTANT_CONVERSION = YES;
				CLANG_WARN_DIRECT_OBJC_ISA_USAGE = YES_ERROR;
				CLANG_WARN_EMPTY_BODY = YES;
				CLANG_WARN_ENUM_CONVERSION = YES;
				CLANG_WARN_INT_CONVERSION = YES;
				CLANG_WARN_OBJC_ROOT_CLASS = YES_ERROR;
				CLANG_WARN_UNREACHABLE_CODE = YES;
				CLANG_WARN__DUPLICATE_METHOD_MATCH = YES;
				COPY_PHASE_STRIP = NO;
				DEBUG_INFORMATION_FORMAT = "dwarf-with-dsym";
				ENABLE_NS_ASSERTIONS = NO;
				ENABLE_STRICT_OBJC_MSGSEND = YES;
				GCC_C_LANGUAGE_STANDARD = gnu99;
				GCC_NO_COMMON_BLOCKS = YES;
				GCC_WARN_64_TO_32_BIT_CONVERSION = YES;
				GCC_WARN_ABOUT_RETURN_TYPE = YES_ERROR;
				GCC_WARN_UNDECLARED_SELECTOR = YES;
				GCC_WARN_UNINITIALIZED_AUTOS = YES_AGGRESSIVE;
				GCC_WARN_UNUSED_FUNCTION = YES;
				GCC_WARN_UNUSED_VARIABLE = YES;
				INFOPLIST_FILE = "Unit Tests/tvOS/Info-tvOS.plist";
				MTL_ENABLE_DEBUG_INFO = NO;
				SDKROOT = appletvos;
				SWIFT_VERSION = 3.0;
				TVOS_DEPLOYMENT_TARGET = 9.0;
				VALIDATE_PRODUCT = YES;
			};
			name = Release;
		};
/* End XCBuildConfiguration section */

/* Begin XCConfigurationList section */
		835C6C8E1D2D4E2E00C877A0 /* Build configuration list for PBXProject "NetworkingKit" */ = {
			isa = XCConfigurationList;
			buildConfigurations = (
				835C6C8F1D2D4E2E00C877A0 /* Debug */,
				41B64C1F1E643D2F000FE6F5 /* DebugProd */,
				835C6C901D2D4E2E00C877A0 /* Release */,
			);
			defaultConfigurationIsVisible = 0;
			defaultConfigurationName = Release;
		};
		835C6C9C1D2D4EA900C877A0 /* Build configuration list for PBXNativeTarget "NetworkingKit-iOS" */ = {
			isa = XCConfigurationList;
			buildConfigurations = (
				835C6C9D1D2D4EA900C877A0 /* Debug */,
				41B64C201E643D2F000FE6F5 /* DebugProd */,
				835C6C9E1D2D4EA900C877A0 /* Release */,
			);
			defaultConfigurationIsVisible = 0;
			defaultConfigurationName = Release;
		};
		835C6CA91D2D4EC900C877A0 /* Build configuration list for PBXNativeTarget "NetworkingKit-watchOS" */ = {
			isa = XCConfigurationList;
			buildConfigurations = (
				835C6CAA1D2D4EC900C877A0 /* Debug */,
				41B64C211E643D2F000FE6F5 /* DebugProd */,
				835C6CAB1D2D4EC900C877A0 /* Release */,
			);
			defaultConfigurationIsVisible = 0;
			defaultConfigurationName = Release;
		};
		835C6CB61D2D4ED600C877A0 /* Build configuration list for PBXNativeTarget "NetworkingKit-tvOS" */ = {
			isa = XCConfigurationList;
			buildConfigurations = (
				835C6CB71D2D4ED600C877A0 /* Debug */,
				41B64C221E643D2F000FE6F5 /* DebugProd */,
				835C6CB81D2D4ED600C877A0 /* Release */,
			);
			defaultConfigurationIsVisible = 0;
			defaultConfigurationName = Release;
		};
		835C6D2F1D2D670E00C877A0 /* Build configuration list for PBXAggregateTarget "Build-iOS" */ = {
			isa = XCConfigurationList;
			buildConfigurations = (
				835C6D301D2D670E00C877A0 /* Debug */,
				41B64C231E643D2F000FE6F5 /* DebugProd */,
				835C6D311D2D670E00C877A0 /* Release */,
			);
			defaultConfigurationIsVisible = 0;
			defaultConfigurationName = Release;
		};
		835C6D331D2D676700C877A0 /* Build configuration list for PBXAggregateTarget "Build-tvOS" */ = {
			isa = XCConfigurationList;
			buildConfigurations = (
				835C6D341D2D676700C877A0 /* Debug */,
				41B64C241E643D2F000FE6F5 /* DebugProd */,
				835C6D351D2D676700C877A0 /* Release */,
			);
			defaultConfigurationIsVisible = 0;
			defaultConfigurationName = Release;
		};
		835C6D3B1D2D67A500C877A0 /* Build configuration list for PBXAggregateTarget "Build-watchOS" */ = {
			isa = XCConfigurationList;
			buildConfigurations = (
				835C6D3C1D2D67A500C877A0 /* Debug */,
				41B64C251E643D2F000FE6F5 /* DebugProd */,
				835C6D3D1D2D67A500C877A0 /* Release */,
			);
			defaultConfigurationIsVisible = 0;
			defaultConfigurationName = Release;
		};
		83E43FB71D2FDFFB004427CE /* Build configuration list for PBXNativeTarget "NetworkingKitTests-iOS" */ = {
			isa = XCConfigurationList;
			buildConfigurations = (
				83E43FB81D2FDFFB004427CE /* Debug */,
				41B64C261E643D2F000FE6F5 /* DebugProd */,
				83E43FB91D2FDFFB004427CE /* Release */,
			);
			defaultConfigurationIsVisible = 0;
			defaultConfigurationName = Release;
		};
		83E43FCF1D2FE32E004427CE /* Build configuration list for PBXNativeTarget "NetworkingKitTests-tvOS" */ = {
			isa = XCConfigurationList;
			buildConfigurations = (
				83E43FD01D2FE32E004427CE /* Debug */,
				41B64C271E643D2F000FE6F5 /* DebugProd */,
				83E43FD11D2FE32E004427CE /* Release */,
			);
			defaultConfigurationIsVisible = 0;
			defaultConfigurationName = Release;
		};
/* End XCConfigurationList section */
	};
	rootObject = 835C6C8B1D2D4E2E00C877A0 /* Project object */;
}
